// !$*UTF8*$!
{
	archiveVersion = 1;
	classes = {
	};
	objectVersion = 50;
	objects = {

/* Begin PBXBuildFile section */
		EC0F9FFE21CB182100EA685A /* ZSEmptyView.swift in Sources */ = {isa = PBXBuildFile; fileRef = EC0F9FFD21CB182100EA685A /* ZSEmptyView.swift */; };
		EC1B9D6D21BE84DB000E2C5B /* AppDelegate.swift in Sources */ = {isa = PBXBuildFile; fileRef = EC1B9D6C21BE84DB000E2C5B /* AppDelegate.swift */; };
		EC1B9D7421BE84DE000E2C5B /* Assets.xcassets in Resources */ = {isa = PBXBuildFile; fileRef = EC1B9D7321BE84DE000E2C5B /* Assets.xcassets */; };
		EC1B9D7721BE84DE000E2C5B /* LaunchScreen.storyboard in Resources */ = {isa = PBXBuildFile; fileRef = EC1B9D7521BE84DE000E2C5B /* LaunchScreen.storyboard */; };
		EC1B9D8321BE8690000E2C5B /* ZSViewController.swift in Sources */ = {isa = PBXBuildFile; fileRef = EC1B9D7F21BE8690000E2C5B /* ZSViewController.swift */; };
		EC1B9D8421BE8690000E2C5B /* ZSTableViewCell.swift in Sources */ = {isa = PBXBuildFile; fileRef = EC1B9D8021BE8690000E2C5B /* ZSTableViewCell.swift */; };
		EC1B9D8621BE8690000E2C5B /* Global.swift in Sources */ = {isa = PBXBuildFile; fileRef = EC1B9D8221BE8690000E2C5B /* Global.swift */; };
		EC1B9D8A21BE86CF000E2C5B /* ZSExtension.swift in Sources */ = {isa = PBXBuildFile; fileRef = EC1B9D8821BE86CF000E2C5B /* ZSExtension.swift */; };
		EC1B9D8B21BE86CF000E2C5B /* UITableView+ZSExtension.swift in Sources */ = {isa = PBXBuildFile; fileRef = EC1B9D8921BE86CF000E2C5B /* UITableView+ZSExtension.swift */; };
		EC1B9D8F21BE8765000E2C5B /* MJRefreshComponent+Rx.swift in Sources */ = {isa = PBXBuildFile; fileRef = EC1B9D8E21BE8765000E2C5B /* MJRefreshComponent+Rx.swift */; };
		EC1B9D9121BE8796000E2C5B /* MJRefreshFooter+Rx.swift in Sources */ = {isa = PBXBuildFile; fileRef = EC1B9D9021BE8796000E2C5B /* MJRefreshFooter+Rx.swift */; };
		EC1B9D9521BE87CA000E2C5B /* MJRefreshHeader+Rx.swift in Sources */ = {isa = PBXBuildFile; fileRef = EC1B9D9421BE87CA000E2C5B /* MJRefreshHeader+Rx.swift */; };
		EC1B9D9D21BE890F000E2C5B /* NetworkService.swift in Sources */ = {isa = PBXBuildFile; fileRef = EC1B9D9C21BE890F000E2C5B /* NetworkService.swift */; };
		EC416FCB22817A45001FF43E /* EditProductionViewController.swift in Sources */ = {isa = PBXBuildFile; fileRef = EC416FCA22817A45001FF43E /* EditProductionViewController.swift */; };
		EC5C2EE7227001C0007E036C /* HomeCell.swift in Sources */ = {isa = PBXBuildFile; fileRef = EC5C2EE6227001C0007E036C /* HomeCell.swift */; };
		EC5C2EE922718D1E007E036C /* AboutViewController.swift in Sources */ = {isa = PBXBuildFile; fileRef = EC5C2EE822718D1E007E036C /* AboutViewController.swift */; };
		EC5C2EED22719D52007E036C /* LicenseViewController.swift in Sources */ = {isa = PBXBuildFile; fileRef = EC5C2EEC22719D52007E036C /* LicenseViewController.swift */; };
		EC64AFE7225F195900961A5E /* AddProductionViewController.swift in Sources */ = {isa = PBXBuildFile; fileRef = EC64AFE6225F195900961A5E /* AddProductionViewController.swift */; };
		EC64B06B226096AA00961A5E /* VPImageCropperViewController.m in Sources */ = {isa = PBXBuildFile; fileRef = EC64AFED226096AA00961A5E /* VPImageCropperViewController.m */; };
		EC64B06C226096AA00961A5E /* 边框.png in Resources */ = {isa = PBXBuildFile; fileRef = EC64AFEF226096AA00961A5E /* 边框.png */; };
		EC64B06D226096AA00961A5E /* CropImageViewController.m in Sources */ = {isa = PBXBuildFile; fileRef = EC64AFF1226096AA00961A5E /* CropImageViewController.m */; };
		EC64B06E226096AA00961A5E /* TKImageView.m in Sources */ = {isa = PBXBuildFile; fileRef = EC64AFF2226096AA00961A5E /* TKImageView.m */; };
		EC64B06F226096AA00961A5E /* CropImageViewController.xib in Resources */ = {isa = PBXBuildFile; fileRef = EC64AFF3226096AA00961A5E /* CropImageViewController.xib */; };
		EC64B070226096AA00961A5E /* PhotoClipView.m in Sources */ = {isa = PBXBuildFile; fileRef = EC64AFF5226096AA00961A5E /* PhotoClipView.m */; };
		EC64B071226096AA00961A5E /* UIImage+Custom.m in Sources */ = {isa = PBXBuildFile; fileRef = EC64AFF7226096AA00961A5E /* UIImage+Custom.m */; };
		EC64B072226096AA00961A5E /* 裁剪.png in Resources */ = {isa = PBXBuildFile; fileRef = EC64AFF9226096AA00961A5E /* 裁剪.png */; };
		EC64B073226096AA00961A5E /* PhotoClipCoverView.m in Sources */ = {isa = PBXBuildFile; fileRef = EC64AFFB226096AA00961A5E /* PhotoClipCoverView.m */; };
		EC64B074226096AA00961A5E /* AlbumCollectionViewCell.m in Sources */ = {isa = PBXBuildFile; fileRef = EC64AFFD226096AA00961A5E /* AlbumCollectionViewCell.m */; };
		EC64B075226096AA00961A5E /* ChooseDefImgItem.m in Sources */ = {isa = PBXBuildFile; fileRef = EC64AFFF226096AA00961A5E /* ChooseDefImgItem.m */; };
		EC64B076226096AA00961A5E /* AlertLabel.m in Sources */ = {isa = PBXBuildFile; fileRef = EC64B001226096AA00961A5E /* AlertLabel.m */; };
		EC64B077226096AA00961A5E /* lock@2x.png in Resources */ = {isa = PBXBuildFile; fileRef = EC64B005226096AA00961A5E /* lock@2x.png */; };
		EC64B078226096AA00961A5E /* broswerPic4.jpg in Resources */ = {isa = PBXBuildFile; fileRef = EC64B006226096AA00961A5E /* broswerPic4.jpg */; };
		EC64B079226096AA00961A5E /* broswerPic3.jpg in Resources */ = {isa = PBXBuildFile; fileRef = EC64B007226096AA00961A5E /* broswerPic3.jpg */; };
		EC64B07A226096AA00961A5E /* broswerPic2.jpg in Resources */ = {isa = PBXBuildFile; fileRef = EC64B008226096AA00961A5E /* broswerPic2.jpg */; };
		EC64B07B226096AA00961A5E /* broswerPic0.jpg in Resources */ = {isa = PBXBuildFile; fileRef = EC64B009226096AA00961A5E /* broswerPic0.jpg */; };
		EC64B07C226096AA00961A5E /* X.png in Resources */ = {isa = PBXBuildFile; fileRef = EC64B00A226096AA00961A5E /* X.png */; };
		EC64B07D226096AA00961A5E /* broswerPic1.jpg in Resources */ = {isa = PBXBuildFile; fileRef = EC64B00B226096AA00961A5E /* broswerPic1.jpg */; };
		EC64B07E226096AA00961A5E /* checkbox_pic@2x.png in Resources */ = {isa = PBXBuildFile; fileRef = EC64B00C226096AA00961A5E /* checkbox_pic@2x.png */; };
		EC64B07F226096AA00961A5E /* shanguangdeng2@2x.png in Resources */ = {isa = PBXBuildFile; fileRef = EC64B00D226096AA00961A5E /* shanguangdeng2@2x.png */; };
		EC64B080226096AA00961A5E /* shanguangdeng2.png in Resources */ = {isa = PBXBuildFile; fileRef = EC64B00E226096AA00961A5E /* shanguangdeng2.png */; };
		EC64B081226096AA00961A5E /* paizhao.png in Resources */ = {isa = PBXBuildFile; fileRef = EC64B00F226096AA00961A5E /* paizhao.png */; };
		EC64B082226096AA00961A5E /* icon_pic_break@2x.png in Resources */ = {isa = PBXBuildFile; fileRef = EC64B010226096AA00961A5E /* icon_pic_break@2x.png */; };
		EC64B083226096AA00961A5E /* btn_back_imagePicker@2x.png in Resources */ = {isa = PBXBuildFile; fileRef = EC64B011226096AA00961A5E /* btn_back_imagePicker@2x.png */; };
		EC64B084226096AA00961A5E /* checkbox_pic_non@2x.png in Resources */ = {isa = PBXBuildFile; fileRef = EC64B012226096AA00961A5E /* checkbox_pic_non@2x.png */; };
		EC64B085226096AA00961A5E /* checkbox_pic2@2x.png in Resources */ = {isa = PBXBuildFile; fileRef = EC64B013226096AA00961A5E /* checkbox_pic2@2x.png */; };
		EC64B086226096AA00961A5E /* X@2x.png in Resources */ = {isa = PBXBuildFile; fileRef = EC64B014226096AA00961A5E /* X@2x.png */; };
		EC64B087226096AA00961A5E /* xiang@2x.png in Resources */ = {isa = PBXBuildFile; fileRef = EC64B015226096AA00961A5E /* xiang@2x.png */; };
		EC64B088226096AA00961A5E /* paizhao@2x.png in Resources */ = {isa = PBXBuildFile; fileRef = EC64B016226096AA00961A5E /* paizhao@2x.png */; };
		EC64B089226096AA00961A5E /* checkbox_pic_non2@2x.png in Resources */ = {isa = PBXBuildFile; fileRef = EC64B017226096AA00961A5E /* checkbox_pic_non2@2x.png */; };
		EC64B08A226096AA00961A5E /* xiang.png in Resources */ = {isa = PBXBuildFile; fileRef = EC64B018226096AA00961A5E /* xiang.png */; };
		EC64B08B226096AA00961A5E /* LGPhotoRect.m in Sources */ = {isa = PBXBuildFile; fileRef = EC64B01D226096AA00961A5E /* LGPhotoRect.m */; };
		EC64B08C226096AA00961A5E /* LGPhotoPickerBrowserPhoto.m in Sources */ = {isa = PBXBuildFile; fileRef = EC64B01F226096AA00961A5E /* LGPhotoPickerBrowserPhoto.m */; };
		EC64B08D226096AA00961A5E /* LGPhotoPickerBrowserViewController.m in Sources */ = {isa = PBXBuildFile; fileRef = EC64B021226096AA00961A5E /* LGPhotoPickerBrowserViewController.m */; };
		EC64B08E226096AA00961A5E /* LGPhotoPickerBrowserPhotoScrollView.m in Sources */ = {isa = PBXBuildFile; fileRef = EC64B024226096AA00961A5E /* LGPhotoPickerBrowserPhotoScrollView.m */; };
		EC64B08F226096AA00961A5E /* LGPhotoPickerCustomToolBarView.m in Sources */ = {isa = PBXBuildFile; fileRef = EC64B028226096AA00961A5E /* LGPhotoPickerCustomToolBarView.m */; };
		EC64B090226096AA00961A5E /* LGPhotoPickerBrowserPhotoView.m in Sources */ = {isa = PBXBuildFile; fileRef = EC64B029226096AA00961A5E /* LGPhotoPickerBrowserPhotoView.m */; };
		EC64B091226096AA00961A5E /* LGImagePickerSelectView.m in Sources */ = {isa = PBXBuildFile; fileRef = EC64B02B226096AA00961A5E /* LGImagePickerSelectView.m */; };
		EC64B092226096AA00961A5E /* LGPhotoPickerBrowserPhotoImageView.m in Sources */ = {isa = PBXBuildFile; fileRef = EC64B02D226096AA00961A5E /* LGPhotoPickerBrowserPhotoImageView.m */; };
		EC64B093226096AA00961A5E /* ZLCameraViewController.m in Sources */ = {isa = PBXBuildFile; fileRef = EC64B030226096AA00961A5E /* ZLCameraViewController.m */; };
		EC64B094226096AA00961A5E /* ZLCameraImageView.m in Sources */ = {isa = PBXBuildFile; fileRef = EC64B033226096AA00961A5E /* ZLCameraImageView.m */; };
		EC64B095226096AA00961A5E /* ZLCamera.m in Sources */ = {isa = PBXBuildFile; fileRef = EC64B034226096AA00961A5E /* ZLCamera.m */; };
		EC64B096226096AA00961A5E /* LGCameraImageView.m in Sources */ = {isa = PBXBuildFile; fileRef = EC64B036226096AA00961A5E /* LGCameraImageView.m */; };
		EC64B097226096AA00961A5E /* ZLCameraView.m in Sources */ = {isa = PBXBuildFile; fileRef = EC64B037226096AA00961A5E /* ZLCameraView.m */; };
		EC64B098226096AA00961A5E /* LGPhotoPickerDatas.m in Sources */ = {isa = PBXBuildFile; fileRef = EC64B03B226096AA00961A5E /* LGPhotoPickerDatas.m */; };
		EC64B099226096AA00961A5E /* LGPhotoPickerGroup.m in Sources */ = {isa = PBXBuildFile; fileRef = EC64B03D226096AA00961A5E /* LGPhotoPickerGroup.m */; };
		EC64B09A226096AA00961A5E /* LGPhotoAssets.m in Sources */ = {isa = PBXBuildFile; fileRef = EC64B040226096AA00961A5E /* LGPhotoAssets.m */; };
		EC64B09B226096AA00961A5E /* LGPhotoPickerGroupViewController.m in Sources */ = {isa = PBXBuildFile; fileRef = EC64B045226096AA00961A5E /* LGPhotoPickerGroupViewController.m */; };
		EC64B09C226096AA00961A5E /* LGPhotoPickerViewController.m in Sources */ = {isa = PBXBuildFile; fileRef = EC64B046226096AA00961A5E /* LGPhotoPickerViewController.m */; };
		EC64B09D226096AA00961A5E /* LGPhotoPickerAssetsViewController.m in Sources */ = {isa = PBXBuildFile; fileRef = EC64B047226096AA00961A5E /* LGPhotoPickerAssetsViewController.m */; };
		EC64B09E226096AA00961A5E /* LGPhotoPickerFooterCollectionReusableView.m in Sources */ = {isa = PBXBuildFile; fileRef = EC64B04A226096AA00961A5E /* LGPhotoPickerFooterCollectionReusableView.m */; };
		EC64B09F226096AA00961A5E /* LGPhotoPickerCollectionViewCell.m in Sources */ = {isa = PBXBuildFile; fileRef = EC64B04C226096AA00961A5E /* LGPhotoPickerCollectionViewCell.m */; };
		EC64B0A0226096AA00961A5E /* LGPhotoPickerCollectionView.m in Sources */ = {isa = PBXBuildFile; fileRef = EC64B04D226096AA00961A5E /* LGPhotoPickerCollectionView.m */; };
		EC64B0A1226096AA00961A5E /* LGPhotoPickerGroupTableViewCell.m in Sources */ = {isa = PBXBuildFile; fileRef = EC64B04F226096AA00961A5E /* LGPhotoPickerGroupTableViewCell.m */; };
		EC64B0A2226096AA00961A5E /* LGPhotoPickerImageView.m in Sources */ = {isa = PBXBuildFile; fileRef = EC64B050226096AA00961A5E /* LGPhotoPickerImageView.m */; };
		EC64B0A3226096AA00961A5E /* DACircularProgressView.m in Sources */ = {isa = PBXBuildFile; fileRef = EC64B055226096AA00961A5E /* DACircularProgressView.m */; };
		EC64B0A4226096AA00961A5E /* UIView+Layout.m in Sources */ = {isa = PBXBuildFile; fileRef = EC64B05B226096AA00961A5E /* UIView+Layout.m */; };
		EC64B0A5226096AA00961A5E /* LSImagePickerController.m in Sources */ = {isa = PBXBuildFile; fileRef = EC64B060226096AA00961A5E /* LSImagePickerController.m */; };
		EC64B0A6226096AA00961A5E /* LKActionLineView.m in Sources */ = {isa = PBXBuildFile; fileRef = EC64B067226096AA00961A5E /* LKActionLineView.m */; };
		EC64B0A7226096AA00961A5E /* LKActionSheetView.m in Sources */ = {isa = PBXBuildFile; fileRef = EC64B068226096AA00961A5E /* LKActionSheetView.m */; };
		EC64B0A8226096AA00961A5E /* LKActionItem.m in Sources */ = {isa = PBXBuildFile; fileRef = EC64B069226096AA00961A5E /* LKActionItem.m */; };
		EC64B0A9226096AA00961A5E /* MLDPhotoManager.m in Sources */ = {isa = PBXBuildFile; fileRef = EC64B06A226096AA00961A5E /* MLDPhotoManager.m */; };
		EC64B0B222609D1F00961A5E /* UIColor+ZSExtension.m in Sources */ = {isa = PBXBuildFile; fileRef = EC64B0B122609D1F00961A5E /* UIColor+ZSExtension.m */; };
		EC64B0B522609D8B00961A5E /* UIView+ZSExtension.m in Sources */ = {isa = PBXBuildFile; fileRef = EC64B0B422609D8B00961A5E /* UIView+ZSExtension.m */; };
		EC7BAF2C225436BE00F3E28F /* UITabBarController+ZSExtension.swift in Sources */ = {isa = PBXBuildFile; fileRef = EC7BAF2B225436BE00F3E28F /* UITabBarController+ZSExtension.swift */; };
		EC7BAF302254800000F3E28F /* ProfileContainerViewController.swift in Sources */ = {isa = PBXBuildFile; fileRef = EC7BAF2F2254800000F3E28F /* ProfileContainerViewController.swift */; };
		EC7BAF32225485FA00F3E28F /* ZSNavigationController.swift in Sources */ = {isa = PBXBuildFile; fileRef = EC7BAF31225485FA00F3E28F /* ZSNavigationController.swift */; };
		EC7BAF342254866C00F3E28F /* ZSTabBarController.swift in Sources */ = {isa = PBXBuildFile; fileRef = EC7BAF332254866C00F3E28F /* ZSTabBarController.swift */; };
		EC7BAF36225488DF00F3E28F /* MeCell.swift in Sources */ = {isa = PBXBuildFile; fileRef = EC7BAF35225488DF00F3E28F /* MeCell.swift */; };
		EC7BAF3B225493BF00F3E28F /* ProfileViewController.swift in Sources */ = {isa = PBXBuildFile; fileRef = EC7BAF3A225493BE00F3E28F /* ProfileViewController.swift */; };
		EC7BAF3D2254BFA800F3E28F /* ZSCollectionViewCell.swift in Sources */ = {isa = PBXBuildFile; fileRef = EC7BAF3C2254BFA800F3E28F /* ZSCollectionViewCell.swift */; };
		EC7BAF3F2254C0AE00F3E28F /* ProfileCell.swift in Sources */ = {isa = PBXBuildFile; fileRef = EC7BAF3E2254C0AE00F3E28F /* ProfileCell.swift */; };
		EC7BAF412254C12000F3E28F /* UICollectionView+ZSExtension.swift in Sources */ = {isa = PBXBuildFile; fileRef = EC7BAF402254C12000F3E28F /* UICollectionView+ZSExtension.swift */; };
		EC7BAF442255A0B100F3E28F /* ActivityIndicator.swift in Sources */ = {isa = PBXBuildFile; fileRef = EC7BAF432255A0B000F3E28F /* ActivityIndicator.swift */; };
		EC7BAF462255CE5A00F3E28F /* Entity.swift in Sources */ = {isa = PBXBuildFile; fileRef = EC7BAF452255CE5A00F3E28F /* Entity.swift */; };
		EC7BAF482255CEFF00F3E28F /* Request.swift in Sources */ = {isa = PBXBuildFile; fileRef = EC7BAF472255CEFF00F3E28F /* Request.swift */; };
		ECB0803221C2032400ED8548 /* NetworkAPI.swift in Sources */ = {isa = PBXBuildFile; fileRef = ECB0803121C2032400ED8548 /* NetworkAPI.swift */; };
		ECB6D89121BFCBB200017274 /* Model.swift in Sources */ = {isa = PBXBuildFile; fileRef = ECB6D89021BFCBB200017274 /* Model.swift */; };
		ECB6D89721C096CC00017274 /* Moya+HandyJSON+ZSExtension.swift in Sources */ = {isa = PBXBuildFile; fileRef = ECB6D89621C096CC00017274 /* Moya+HandyJSON+ZSExtension.swift */; };
		ECE4A57A224B1A4E00A0E69B /* HomeViewController.swift in Sources */ = {isa = PBXBuildFile; fileRef = ECE4A579224B1A4E00A0E69B /* HomeViewController.swift */; };
		ECE4A57D224B1D2A00A0E69B /* MeViewController.swift in Sources */ = {isa = PBXBuildFile; fileRef = ECE4A57C224B1D2A00A0E69B /* MeViewController.swift */; };
		ECE4A58C224C8CD400A0E69B /* ProductionViewController.swift in Sources */ = {isa = PBXBuildFile; fileRef = ECE4A58B224C8CD400A0E69B /* ProductionViewController.swift */; };
		ECE4A58E224C90DD00A0E69B /* ZSView.swift in Sources */ = {isa = PBXBuildFile; fileRef = ECE4A58D224C90DD00A0E69B /* ZSView.swift */; };
		ECE4A590224C940300A0E69B /* ZSExpandableCell.swift in Sources */ = {isa = PBXBuildFile; fileRef = ECE4A58F224C940300A0E69B /* ZSExpandableCell.swift */; };
		ECE4A593224DDED300A0E69B /* ProductionCell.swift in Sources */ = {isa = PBXBuildFile; fileRef = ECE4A592224DDED300A0E69B /* ProductionCell.swift */; };
		ECE4A595224DEB6600A0E69B /* ProductionView.swift in Sources */ = {isa = PBXBuildFile; fileRef = ECE4A594224DEB6600A0E69B /* ProductionView.swift */; };
		ECF0E7392253072400E265B9 /* String+ZSExtension.swift in Sources */ = {isa = PBXBuildFile; fileRef = ECF0E7382253072400E265B9 /* String+ZSExtension.swift */; };
		ECF0E73B22532B2100E265B9 /* MeView.swift in Sources */ = {isa = PBXBuildFile; fileRef = ECF0E73A22532B2100E265B9 /* MeView.swift */; };
		ECFD0FBB2251B6A90074550D /* ZSVisualEffectView.swift in Sources */ = {isa = PBXBuildFile; fileRef = ECFD0FBA2251B6A90074550D /* ZSVisualEffectView.swift */; };
		ECFD0FBE22520A810074550D /* ZSUserView.swift in Sources */ = {isa = PBXBuildFile; fileRef = ECFD0FBD22520A810074550D /* ZSUserView.swift */; };
		ECFD0FC1225212590074550D /* ConstraintArrayDSL.swift in Sources */ = {isa = PBXBuildFile; fileRef = ECFD0FBF225212590074550D /* ConstraintArrayDSL.swift */; };
		ECFD0FC2225212590074550D /* ConstraintArray+Extensions.swift in Sources */ = {isa = PBXBuildFile; fileRef = ECFD0FC0225212590074550D /* ConstraintArray+Extensions.swift */; };
		F045B75D7DF9FFB7DF50872C /* Pods_ProjectYuri.framework in Frameworks */ = {isa = PBXBuildFile; fileRef = 5E5EA96522B8512FF58C6A2F /* Pods_ProjectYuri.framework */; };
/* End PBXBuildFile section */

/* Begin PBXFileReference section */
		2A300FFD16FDCF6D81850714 /* Pods-ProjectYuri.debug.xcconfig */ = {isa = PBXFileReference; includeInIndex = 1; lastKnownFileType = text.xcconfig; name = "Pods-ProjectYuri.debug.xcconfig"; path = "Pods/Target Support Files/Pods-ProjectYuri/Pods-ProjectYuri.debug.xcconfig"; sourceTree = "<group>"; };
		459D6ED540DE527EBF8BDC37 /* Pods-ProjectYuri.release.xcconfig */ = {isa = PBXFileReference; includeInIndex = 1; lastKnownFileType = text.xcconfig; name = "Pods-ProjectYuri.release.xcconfig"; path = "Pods/Target Support Files/Pods-ProjectYuri/Pods-ProjectYuri.release.xcconfig"; sourceTree = "<group>"; };
		5E5EA96522B8512FF58C6A2F /* Pods_ProjectYuri.framework */ = {isa = PBXFileReference; explicitFileType = wrapper.framework; includeInIndex = 0; path = Pods_ProjectYuri.framework; sourceTree = BUILT_PRODUCTS_DIR; };
		EC0F9FFD21CB182100EA685A /* ZSEmptyView.swift */ = {isa = PBXFileReference; lastKnownFileType = sourcecode.swift; path = ZSEmptyView.swift; sourceTree = "<group>"; };
		EC1B9D6921BE84DB000E2C5B /* ProjectYuri.app */ = {isa = PBXFileReference; explicitFileType = wrapper.application; includeInIndex = 0; path = ProjectYuri.app; sourceTree = BUILT_PRODUCTS_DIR; };
		EC1B9D6C21BE84DB000E2C5B /* AppDelegate.swift */ = {isa = PBXFileReference; lastKnownFileType = sourcecode.swift; path = AppDelegate.swift; sourceTree = "<group>"; };
		EC1B9D7321BE84DE000E2C5B /* Assets.xcassets */ = {isa = PBXFileReference; lastKnownFileType = folder.assetcatalog; path = Assets.xcassets; sourceTree = "<group>"; };
		EC1B9D7621BE84DE000E2C5B /* Base */ = {isa = PBXFileReference; lastKnownFileType = file.storyboard; name = Base; path = Base.lproj/LaunchScreen.storyboard; sourceTree = "<group>"; };
		EC1B9D7821BE84DE000E2C5B /* Info.plist */ = {isa = PBXFileReference; lastKnownFileType = text.plist.xml; path = Info.plist; sourceTree = "<group>"; };
		EC1B9D7F21BE8690000E2C5B /* ZSViewController.swift */ = {isa = PBXFileReference; fileEncoding = 4; lastKnownFileType = sourcecode.swift; path = ZSViewController.swift; sourceTree = "<group>"; };
		EC1B9D8021BE8690000E2C5B /* ZSTableViewCell.swift */ = {isa = PBXFileReference; fileEncoding = 4; lastKnownFileType = sourcecode.swift; path = ZSTableViewCell.swift; sourceTree = "<group>"; };
		EC1B9D8221BE8690000E2C5B /* Global.swift */ = {isa = PBXFileReference; fileEncoding = 4; lastKnownFileType = sourcecode.swift; path = Global.swift; sourceTree = "<group>"; };
		EC1B9D8821BE86CF000E2C5B /* ZSExtension.swift */ = {isa = PBXFileReference; fileEncoding = 4; lastKnownFileType = sourcecode.swift; path = ZSExtension.swift; sourceTree = "<group>"; };
		EC1B9D8921BE86CF000E2C5B /* UITableView+ZSExtension.swift */ = {isa = PBXFileReference; fileEncoding = 4; lastKnownFileType = sourcecode.swift; path = "UITableView+ZSExtension.swift"; sourceTree = "<group>"; };
		EC1B9D8E21BE8765000E2C5B /* MJRefreshComponent+Rx.swift */ = {isa = PBXFileReference; lastKnownFileType = sourcecode.swift; path = "MJRefreshComponent+Rx.swift"; sourceTree = "<group>"; };
		EC1B9D9021BE8796000E2C5B /* MJRefreshFooter+Rx.swift */ = {isa = PBXFileReference; lastKnownFileType = sourcecode.swift; path = "MJRefreshFooter+Rx.swift"; sourceTree = "<group>"; };
		EC1B9D9421BE87CA000E2C5B /* MJRefreshHeader+Rx.swift */ = {isa = PBXFileReference; lastKnownFileType = sourcecode.swift; path = "MJRefreshHeader+Rx.swift"; sourceTree = "<group>"; };
		EC1B9D9C21BE890F000E2C5B /* NetworkService.swift */ = {isa = PBXFileReference; lastKnownFileType = sourcecode.swift; path = NetworkService.swift; sourceTree = "<group>"; };
		EC416FCA22817A45001FF43E /* EditProductionViewController.swift */ = {isa = PBXFileReference; lastKnownFileType = sourcecode.swift; path = EditProductionViewController.swift; sourceTree = "<group>"; };
		EC5C2EE6227001C0007E036C /* HomeCell.swift */ = {isa = PBXFileReference; lastKnownFileType = sourcecode.swift; path = HomeCell.swift; sourceTree = "<group>"; };
		EC5C2EE822718D1E007E036C /* AboutViewController.swift */ = {isa = PBXFileReference; lastKnownFileType = sourcecode.swift; path = AboutViewController.swift; sourceTree = "<group>"; };
		EC5C2EEC22719D52007E036C /* LicenseViewController.swift */ = {isa = PBXFileReference; lastKnownFileType = sourcecode.swift; path = LicenseViewController.swift; sourceTree = "<group>"; };
		EC64AFE6225F195900961A5E /* AddProductionViewController.swift */ = {isa = PBXFileReference; lastKnownFileType = sourcecode.swift; path = AddProductionViewController.swift; sourceTree = "<group>"; };
		EC64AFEA226096AA00961A5E /* ChooseDefImgItem.h */ = {isa = PBXFileReference; fileEncoding = 4; lastKnownFileType = sourcecode.c.h; path = ChooseDefImgItem.h; sourceTree = "<group>"; };
		EC64AFED226096AA00961A5E /* VPImageCropperViewController.m */ = {isa = PBXFileReference; fileEncoding = 4; lastKnownFileType = sourcecode.c.objc; path = VPImageCropperViewController.m; sourceTree = "<group>"; };
		EC64AFEE226096AA00961A5E /* VPImageCropperViewController.h */ = {isa = PBXFileReference; fileEncoding = 4; lastKnownFileType = sourcecode.c.h; path = VPImageCropperViewController.h; sourceTree = "<group>"; };
		EC64AFEF226096AA00961A5E /* 边框.png */ = {isa = PBXFileReference; lastKnownFileType = image.png; path = "边框.png"; sourceTree = "<group>"; };
		EC64AFF0226096AA00961A5E /* TKImageView.h */ = {isa = PBXFileReference; fileEncoding = 4; lastKnownFileType = sourcecode.c.h; path = TKImageView.h; sourceTree = "<group>"; };
		EC64AFF1226096AA00961A5E /* CropImageViewController.m */ = {isa = PBXFileReference; fileEncoding = 4; lastKnownFileType = sourcecode.c.objc; path = CropImageViewController.m; sourceTree = "<group>"; };
		EC64AFF2226096AA00961A5E /* TKImageView.m */ = {isa = PBXFileReference; fileEncoding = 4; lastKnownFileType = sourcecode.c.objc; path = TKImageView.m; sourceTree = "<group>"; };
		EC64AFF3226096AA00961A5E /* CropImageViewController.xib */ = {isa = PBXFileReference; fileEncoding = 4; lastKnownFileType = file.xib; path = CropImageViewController.xib; sourceTree = "<group>"; };
		EC64AFF5226096AA00961A5E /* PhotoClipView.m */ = {isa = PBXFileReference; fileEncoding = 4; lastKnownFileType = sourcecode.c.objc; path = PhotoClipView.m; sourceTree = "<group>"; };
		EC64AFF6226096AA00961A5E /* AlbumCollectionViewCell.h */ = {isa = PBXFileReference; fileEncoding = 4; lastKnownFileType = sourcecode.c.h; path = AlbumCollectionViewCell.h; sourceTree = "<group>"; };
		EC64AFF7226096AA00961A5E /* UIImage+Custom.m */ = {isa = PBXFileReference; fileEncoding = 4; lastKnownFileType = sourcecode.c.objc; path = "UIImage+Custom.m"; sourceTree = "<group>"; };
		EC64AFF8226096AA00961A5E /* PhotoClipCoverView.h */ = {isa = PBXFileReference; fileEncoding = 4; lastKnownFileType = sourcecode.c.h; path = PhotoClipCoverView.h; sourceTree = "<group>"; };
		EC64AFF9226096AA00961A5E /* 裁剪.png */ = {isa = PBXFileReference; lastKnownFileType = image.png; path = "裁剪.png"; sourceTree = "<group>"; };
		EC64AFFA226096AA00961A5E /* PhotoClipView.h */ = {isa = PBXFileReference; fileEncoding = 4; lastKnownFileType = sourcecode.c.h; path = PhotoClipView.h; sourceTree = "<group>"; };
		EC64AFFB226096AA00961A5E /* PhotoClipCoverView.m */ = {isa = PBXFileReference; fileEncoding = 4; lastKnownFileType = sourcecode.c.objc; path = PhotoClipCoverView.m; sourceTree = "<group>"; };
		EC64AFFC226096AA00961A5E /* UIImage+Custom.h */ = {isa = PBXFileReference; fileEncoding = 4; lastKnownFileType = sourcecode.c.h; path = "UIImage+Custom.h"; sourceTree = "<group>"; };
		EC64AFFD226096AA00961A5E /* AlbumCollectionViewCell.m */ = {isa = PBXFileReference; fileEncoding = 4; lastKnownFileType = sourcecode.c.objc; path = AlbumCollectionViewCell.m; sourceTree = "<group>"; };
		EC64AFFE226096AA00961A5E /* CropImageViewController.h */ = {isa = PBXFileReference; fileEncoding = 4; lastKnownFileType = sourcecode.c.h; path = CropImageViewController.h; sourceTree = "<group>"; };
		EC64AFFF226096AA00961A5E /* ChooseDefImgItem.m */ = {isa = PBXFileReference; fileEncoding = 4; lastKnownFileType = sourcecode.c.objc; path = ChooseDefImgItem.m; sourceTree = "<group>"; };
		EC64B001226096AA00961A5E /* AlertLabel.m */ = {isa = PBXFileReference; fileEncoding = 4; lastKnownFileType = sourcecode.c.objc; path = AlertLabel.m; sourceTree = "<group>"; };
		EC64B002226096AA00961A5E /* AlertLabel.h */ = {isa = PBXFileReference; fileEncoding = 4; lastKnownFileType = sourcecode.c.h; path = AlertLabel.h; sourceTree = "<group>"; };
		EC64B005226096AA00961A5E /* lock@2x.png */ = {isa = PBXFileReference; lastKnownFileType = image.png; path = "lock@2x.png"; sourceTree = "<group>"; };
		EC64B006226096AA00961A5E /* broswerPic4.jpg */ = {isa = PBXFileReference; lastKnownFileType = image.jpeg; path = broswerPic4.jpg; sourceTree = "<group>"; };
		EC64B007226096AA00961A5E /* broswerPic3.jpg */ = {isa = PBXFileReference; lastKnownFileType = image.jpeg; path = broswerPic3.jpg; sourceTree = "<group>"; };
		EC64B008226096AA00961A5E /* broswerPic2.jpg */ = {isa = PBXFileReference; lastKnownFileType = image.jpeg; path = broswerPic2.jpg; sourceTree = "<group>"; };
		EC64B009226096AA00961A5E /* broswerPic0.jpg */ = {isa = PBXFileReference; lastKnownFileType = image.jpeg; path = broswerPic0.jpg; sourceTree = "<group>"; };
		EC64B00A226096AA00961A5E /* X.png */ = {isa = PBXFileReference; lastKnownFileType = image.png; path = X.png; sourceTree = "<group>"; };
		EC64B00B226096AA00961A5E /* broswerPic1.jpg */ = {isa = PBXFileReference; lastKnownFileType = image.jpeg; path = broswerPic1.jpg; sourceTree = "<group>"; };
		EC64B00C226096AA00961A5E /* checkbox_pic@2x.png */ = {isa = PBXFileReference; lastKnownFileType = image.png; path = "checkbox_pic@2x.png"; sourceTree = "<group>"; };
		EC64B00D226096AA00961A5E /* shanguangdeng2@2x.png */ = {isa = PBXFileReference; lastKnownFileType = image.png; path = "shanguangdeng2@2x.png"; sourceTree = "<group>"; };
		EC64B00E226096AA00961A5E /* shanguangdeng2.png */ = {isa = PBXFileReference; lastKnownFileType = image.png; path = shanguangdeng2.png; sourceTree = "<group>"; };
		EC64B00F226096AA00961A5E /* paizhao.png */ = {isa = PBXFileReference; lastKnownFileType = image.png; path = paizhao.png; sourceTree = "<group>"; };
		EC64B010226096AA00961A5E /* icon_pic_break@2x.png */ = {isa = PBXFileReference; lastKnownFileType = image.png; path = "icon_pic_break@2x.png"; sourceTree = "<group>"; };
		EC64B011226096AA00961A5E /* btn_back_imagePicker@2x.png */ = {isa = PBXFileReference; lastKnownFileType = image.png; path = "btn_back_imagePicker@2x.png"; sourceTree = "<group>"; };
		EC64B012226096AA00961A5E /* checkbox_pic_non@2x.png */ = {isa = PBXFileReference; lastKnownFileType = image.png; path = "checkbox_pic_non@2x.png"; sourceTree = "<group>"; };
		EC64B013226096AA00961A5E /* checkbox_pic2@2x.png */ = {isa = PBXFileReference; lastKnownFileType = image.png; path = "checkbox_pic2@2x.png"; sourceTree = "<group>"; };
		EC64B014226096AA00961A5E /* X@2x.png */ = {isa = PBXFileReference; lastKnownFileType = image.png; path = "X@2x.png"; sourceTree = "<group>"; };
		EC64B015226096AA00961A5E /* xiang@2x.png */ = {isa = PBXFileReference; lastKnownFileType = image.png; path = "xiang@2x.png"; sourceTree = "<group>"; };
		EC64B016226096AA00961A5E /* paizhao@2x.png */ = {isa = PBXFileReference; lastKnownFileType = image.png; path = "paizhao@2x.png"; sourceTree = "<group>"; };
		EC64B017226096AA00961A5E /* checkbox_pic_non2@2x.png */ = {isa = PBXFileReference; lastKnownFileType = image.png; path = "checkbox_pic_non2@2x.png"; sourceTree = "<group>"; };
		EC64B018226096AA00961A5E /* xiang.png */ = {isa = PBXFileReference; lastKnownFileType = image.png; path = xiang.png; sourceTree = "<group>"; };
		EC64B01C226096AA00961A5E /* LGPhotoPickerBrowserPhoto.h */ = {isa = PBXFileReference; fileEncoding = 4; lastKnownFileType = sourcecode.c.h; path = LGPhotoPickerBrowserPhoto.h; sourceTree = "<group>"; };
		EC64B01D226096AA00961A5E /* LGPhotoRect.m */ = {isa = PBXFileReference; fileEncoding = 4; lastKnownFileType = sourcecode.c.objc; path = LGPhotoRect.m; sourceTree = "<group>"; };
		EC64B01E226096AA00961A5E /* LGPhotoRect.h */ = {isa = PBXFileReference; fileEncoding = 4; lastKnownFileType = sourcecode.c.h; path = LGPhotoRect.h; sourceTree = "<group>"; };
		EC64B01F226096AA00961A5E /* LGPhotoPickerBrowserPhoto.m */ = {isa = PBXFileReference; fileEncoding = 4; lastKnownFileType = sourcecode.c.objc; path = LGPhotoPickerBrowserPhoto.m; sourceTree = "<group>"; };
		EC64B021226096AA00961A5E /* LGPhotoPickerBrowserViewController.m */ = {isa = PBXFileReference; fileEncoding = 4; lastKnownFileType = sourcecode.c.objc; path = LGPhotoPickerBrowserViewController.m; sourceTree = "<group>"; };
		EC64B022226096AA00961A5E /* LGPhotoPickerBrowserViewController.h */ = {isa = PBXFileReference; fileEncoding = 4; lastKnownFileType = sourcecode.c.h; path = LGPhotoPickerBrowserViewController.h; sourceTree = "<group>"; };
		EC64B024226096AA00961A5E /* LGPhotoPickerBrowserPhotoScrollView.m */ = {isa = PBXFileReference; fileEncoding = 4; lastKnownFileType = sourcecode.c.objc; path = LGPhotoPickerBrowserPhotoScrollView.m; sourceTree = "<group>"; };
		EC64B025226096AA00961A5E /* LGPhotoPickerBrowserPhotoView.h */ = {isa = PBXFileReference; fileEncoding = 4; lastKnownFileType = sourcecode.c.h; path = LGPhotoPickerBrowserPhotoView.h; sourceTree = "<group>"; };
		EC64B026226096AA00961A5E /* LGImagePickerSelectView.h */ = {isa = PBXFileReference; fileEncoding = 4; lastKnownFileType = sourcecode.c.h; path = LGImagePickerSelectView.h; sourceTree = "<group>"; };
		EC64B027226096AA00961A5E /* LGPhotoPickerBrowserPhotoImageView.h */ = {isa = PBXFileReference; fileEncoding = 4; lastKnownFileType = sourcecode.c.h; path = LGPhotoPickerBrowserPhotoImageView.h; sourceTree = "<group>"; };
		EC64B028226096AA00961A5E /* LGPhotoPickerCustomToolBarView.m */ = {isa = PBXFileReference; fileEncoding = 4; lastKnownFileType = sourcecode.c.objc; path = LGPhotoPickerCustomToolBarView.m; sourceTree = "<group>"; };
		EC64B029226096AA00961A5E /* LGPhotoPickerBrowserPhotoView.m */ = {isa = PBXFileReference; fileEncoding = 4; lastKnownFileType = sourcecode.c.objc; path = LGPhotoPickerBrowserPhotoView.m; sourceTree = "<group>"; };
		EC64B02A226096AA00961A5E /* LGPhotoPickerBrowserPhotoScrollView.h */ = {isa = PBXFileReference; fileEncoding = 4; lastKnownFileType = sourcecode.c.h; path = LGPhotoPickerBrowserPhotoScrollView.h; sourceTree = "<group>"; };
		EC64B02B226096AA00961A5E /* LGImagePickerSelectView.m */ = {isa = PBXFileReference; fileEncoding = 4; lastKnownFileType = sourcecode.c.objc; path = LGImagePickerSelectView.m; sourceTree = "<group>"; };
		EC64B02C226096AA00961A5E /* LGPhotoPickerCustomToolBarView.h */ = {isa = PBXFileReference; fileEncoding = 4; lastKnownFileType = sourcecode.c.h; path = LGPhotoPickerCustomToolBarView.h; sourceTree = "<group>"; };
		EC64B02D226096AA00961A5E /* LGPhotoPickerBrowserPhotoImageView.m */ = {isa = PBXFileReference; fileEncoding = 4; lastKnownFileType = sourcecode.c.objc; path = LGPhotoPickerBrowserPhotoImageView.m; sourceTree = "<group>"; };
		EC64B02F226096AA00961A5E /* LGCameraImageView.h */ = {isa = PBXFileReference; fileEncoding = 4; lastKnownFileType = sourcecode.c.h; path = LGCameraImageView.h; sourceTree = "<group>"; };
		EC64B030226096AA00961A5E /* ZLCameraViewController.m */ = {isa = PBXFileReference; fileEncoding = 4; lastKnownFileType = sourcecode.c.objc; path = ZLCameraViewController.m; sourceTree = "<group>"; };
		EC64B031226096AA00961A5E /* ZLCamera.h */ = {isa = PBXFileReference; fileEncoding = 4; lastKnownFileType = sourcecode.c.h; path = ZLCamera.h; sourceTree = "<group>"; };
		EC64B032226096AA00961A5E /* ZLCameraView.h */ = {isa = PBXFileReference; fileEncoding = 4; lastKnownFileType = sourcecode.c.h; path = ZLCameraView.h; sourceTree = "<group>"; };
		EC64B033226096AA00961A5E /* ZLCameraImageView.m */ = {isa = PBXFileReference; fileEncoding = 4; lastKnownFileType = sourcecode.c.objc; path = ZLCameraImageView.m; sourceTree = "<group>"; };
		EC64B034226096AA00961A5E /* ZLCamera.m */ = {isa = PBXFileReference; fileEncoding = 4; lastKnownFileType = sourcecode.c.objc; path = ZLCamera.m; sourceTree = "<group>"; };
		EC64B035226096AA00961A5E /* ZLCameraViewController.h */ = {isa = PBXFileReference; fileEncoding = 4; lastKnownFileType = sourcecode.c.h; path = ZLCameraViewController.h; sourceTree = "<group>"; };
		EC64B036226096AA00961A5E /* LGCameraImageView.m */ = {isa = PBXFileReference; fileEncoding = 4; lastKnownFileType = sourcecode.c.objc; path = LGCameraImageView.m; sourceTree = "<group>"; };
		EC64B037226096AA00961A5E /* ZLCameraView.m */ = {isa = PBXFileReference; fileEncoding = 4; lastKnownFileType = sourcecode.c.objc; path = ZLCameraView.m; sourceTree = "<group>"; };
		EC64B038226096AA00961A5E /* ZLCameraImageView.h */ = {isa = PBXFileReference; fileEncoding = 4; lastKnownFileType = sourcecode.c.h; path = ZLCameraImageView.h; sourceTree = "<group>"; };
		EC64B03B226096AA00961A5E /* LGPhotoPickerDatas.m */ = {isa = PBXFileReference; fileEncoding = 4; lastKnownFileType = sourcecode.c.objc; path = LGPhotoPickerDatas.m; sourceTree = "<group>"; };
		EC64B03C226096AA00961A5E /* LGPhotoAssets.h */ = {isa = PBXFileReference; fileEncoding = 4; lastKnownFileType = sourcecode.c.h; path = LGPhotoAssets.h; sourceTree = "<group>"; };
		EC64B03D226096AA00961A5E /* LGPhotoPickerGroup.m */ = {isa = PBXFileReference; fileEncoding = 4; lastKnownFileType = sourcecode.c.objc; path = LGPhotoPickerGroup.m; sourceTree = "<group>"; };
		EC64B03E226096AA00961A5E /* LGPhotoPickerDatas.h */ = {isa = PBXFileReference; fileEncoding = 4; lastKnownFileType = sourcecode.c.h; path = LGPhotoPickerDatas.h; sourceTree = "<group>"; };
		EC64B03F226096AA00961A5E /* LGPhotoPickerGroup.h */ = {isa = PBXFileReference; fileEncoding = 4; lastKnownFileType = sourcecode.c.h; path = LGPhotoPickerGroup.h; sourceTree = "<group>"; };
		EC64B040226096AA00961A5E /* LGPhotoAssets.m */ = {isa = PBXFileReference; fileEncoding = 4; lastKnownFileType = sourcecode.c.objc; path = LGPhotoAssets.m; sourceTree = "<group>"; };
		EC64B042226096AA00961A5E /* LGPhotoPickerViewController.h */ = {isa = PBXFileReference; fileEncoding = 4; lastKnownFileType = sourcecode.c.h; path = LGPhotoPickerViewController.h; sourceTree = "<group>"; };
		EC64B043226096AA00961A5E /* LGPhotoPickerGroupViewController.h */ = {isa = PBXFileReference; fileEncoding = 4; lastKnownFileType = sourcecode.c.h; path = LGPhotoPickerGroupViewController.h; sourceTree = "<group>"; };
		EC64B044226096AA00961A5E /* LGPhotoPickerAssetsViewController.h */ = {isa = PBXFileReference; fileEncoding = 4; lastKnownFileType = sourcecode.c.h; path = LGPhotoPickerAssetsViewController.h; sourceTree = "<group>"; };
		EC64B045226096AA00961A5E /* LGPhotoPickerGroupViewController.m */ = {isa = PBXFileReference; fileEncoding = 4; lastKnownFileType = sourcecode.c.objc; path = LGPhotoPickerGroupViewController.m; sourceTree = "<group>"; };
		EC64B046226096AA00961A5E /* LGPhotoPickerViewController.m */ = {isa = PBXFileReference; fileEncoding = 4; lastKnownFileType = sourcecode.c.objc; path = LGPhotoPickerViewController.m; sourceTree = "<group>"; };
		EC64B047226096AA00961A5E /* LGPhotoPickerAssetsViewController.m */ = {isa = PBXFileReference; fileEncoding = 4; lastKnownFileType = sourcecode.c.objc; path = LGPhotoPickerAssetsViewController.m; sourceTree = "<group>"; };
		EC64B049226096AA00961A5E /* LGPhotoPickerGroupTableViewCell.h */ = {isa = PBXFileReference; fileEncoding = 4; lastKnownFileType = sourcecode.c.h; path = LGPhotoPickerGroupTableViewCell.h; sourceTree = "<group>"; };
		EC64B04A226096AA00961A5E /* LGPhotoPickerFooterCollectionReusableView.m */ = {isa = PBXFileReference; fileEncoding = 4; lastKnownFileType = sourcecode.c.objc; path = LGPhotoPickerFooterCollectionReusableView.m; sourceTree = "<group>"; };
		EC64B04B226096AA00961A5E /* LGPhotoPickerImageView.h */ = {isa = PBXFileReference; fileEncoding = 4; lastKnownFileType = sourcecode.c.h; path = LGPhotoPickerImageView.h; sourceTree = "<group>"; };
		EC64B04C226096AA00961A5E /* LGPhotoPickerCollectionViewCell.m */ = {isa = PBXFileReference; fileEncoding = 4; lastKnownFileType = sourcecode.c.objc; path = LGPhotoPickerCollectionViewCell.m; sourceTree = "<group>"; };
		EC64B04D226096AA00961A5E /* LGPhotoPickerCollectionView.m */ = {isa = PBXFileReference; fileEncoding = 4; lastKnownFileType = sourcecode.c.objc; path = LGPhotoPickerCollectionView.m; sourceTree = "<group>"; };
		EC64B04E226096AA00961A5E /* LGPhotoPickerFooterCollectionReusableView.h */ = {isa = PBXFileReference; fileEncoding = 4; lastKnownFileType = sourcecode.c.h; path = LGPhotoPickerFooterCollectionReusableView.h; sourceTree = "<group>"; };
		EC64B04F226096AA00961A5E /* LGPhotoPickerGroupTableViewCell.m */ = {isa = PBXFileReference; fileEncoding = 4; lastKnownFileType = sourcecode.c.objc; path = LGPhotoPickerGroupTableViewCell.m; sourceTree = "<group>"; };
		EC64B050226096AA00961A5E /* LGPhotoPickerImageView.m */ = {isa = PBXFileReference; fileEncoding = 4; lastKnownFileType = sourcecode.c.objc; path = LGPhotoPickerImageView.m; sourceTree = "<group>"; };
		EC64B051226096AA00961A5E /* LGPhotoPickerCollectionViewCell.h */ = {isa = PBXFileReference; fileEncoding = 4; lastKnownFileType = sourcecode.c.h; path = LGPhotoPickerCollectionViewCell.h; sourceTree = "<group>"; };
		EC64B052226096AA00961A5E /* LGPhotoPickerCollectionView.h */ = {isa = PBXFileReference; fileEncoding = 4; lastKnownFileType = sourcecode.c.h; path = LGPhotoPickerCollectionView.h; sourceTree = "<group>"; };
		EC64B055226096AA00961A5E /* DACircularProgressView.m */ = {isa = PBXFileReference; fileEncoding = 4; lastKnownFileType = sourcecode.c.objc; path = DACircularProgressView.m; sourceTree = "<group>"; };
		EC64B056226096AA00961A5E /* DACircularProgressView.h */ = {isa = PBXFileReference; fileEncoding = 4; lastKnownFileType = sourcecode.c.h; path = DACircularProgressView.h; sourceTree = "<group>"; };
		EC64B058226096AA00961A5E /* LGPhoto.h */ = {isa = PBXFileReference; fileEncoding = 4; lastKnownFileType = sourcecode.c.h; path = LGPhoto.h; sourceTree = "<group>"; };
		EC64B05B226096AA00961A5E /* UIView+Layout.m */ = {isa = PBXFileReference; fileEncoding = 4; lastKnownFileType = sourcecode.c.objc; path = "UIView+Layout.m"; sourceTree = "<group>"; };
		EC64B05C226096AA00961A5E /* UIView+Layout.h */ = {isa = PBXFileReference; fileEncoding = 4; lastKnownFileType = sourcecode.c.h; path = "UIView+Layout.h"; sourceTree = "<group>"; };
		EC64B05D226096AA00961A5E /* LGPhotoPickerCommon.h */ = {isa = PBXFileReference; fileEncoding = 4; lastKnownFileType = sourcecode.c.h; path = LGPhotoPickerCommon.h; sourceTree = "<group>"; };
		EC64B05E226096AA00961A5E /* MLDPhotoManager.h */ = {isa = PBXFileReference; fileEncoding = 4; lastKnownFileType = sourcecode.c.h; path = MLDPhotoManager.h; sourceTree = "<group>"; };
		EC64B060226096AA00961A5E /* LSImagePickerController.m */ = {isa = PBXFileReference; fileEncoding = 4; lastKnownFileType = sourcecode.c.objc; path = LSImagePickerController.m; sourceTree = "<group>"; };
		EC64B061226096AA00961A5E /* LSImagePickerController.h */ = {isa = PBXFileReference; fileEncoding = 4; lastKnownFileType = sourcecode.c.h; path = LSImagePickerController.h; sourceTree = "<group>"; };
		EC64B063226096AA00961A5E /* LKActionLineView.h */ = {isa = PBXFileReference; fileEncoding = 4; lastKnownFileType = sourcecode.c.h; path = LKActionLineView.h; sourceTree = "<group>"; };
		EC64B064226096AA00961A5E /* LKActionSheetView.h */ = {isa = PBXFileReference; fileEncoding = 4; lastKnownFileType = sourcecode.c.h; path = LKActionSheetView.h; sourceTree = "<group>"; };
		EC64B065226096AA00961A5E /* LKActionItem.h */ = {isa = PBXFileReference; fileEncoding = 4; lastKnownFileType = sourcecode.c.h; path = LKActionItem.h; sourceTree = "<group>"; };
		EC64B066226096AA00961A5E /* LKActionSheet.h */ = {isa = PBXFileReference; fileEncoding = 4; lastKnownFileType = sourcecode.c.h; path = LKActionSheet.h; sourceTree = "<group>"; };
		EC64B067226096AA00961A5E /* LKActionLineView.m */ = {isa = PBXFileReference; fileEncoding = 4; lastKnownFileType = sourcecode.c.objc; path = LKActionLineView.m; sourceTree = "<group>"; };
		EC64B068226096AA00961A5E /* LKActionSheetView.m */ = {isa = PBXFileReference; fileEncoding = 4; lastKnownFileType = sourcecode.c.objc; path = LKActionSheetView.m; sourceTree = "<group>"; };
		EC64B069226096AA00961A5E /* LKActionItem.m */ = {isa = PBXFileReference; fileEncoding = 4; lastKnownFileType = sourcecode.c.objc; path = LKActionItem.m; sourceTree = "<group>"; };
		EC64B06A226096AA00961A5E /* MLDPhotoManager.m */ = {isa = PBXFileReference; fileEncoding = 4; lastKnownFileType = sourcecode.c.objc; path = MLDPhotoManager.m; sourceTree = "<group>"; };
		EC64B0AB226098E700961A5E /* ProjectYuri-Bridging-Header.h */ = {isa = PBXFileReference; lastKnownFileType = sourcecode.c.h; path = "ProjectYuri-Bridging-Header.h"; sourceTree = "<group>"; };
		EC64B0B022609D1F00961A5E /* UIColor+ZSExtension.h */ = {isa = PBXFileReference; fileEncoding = 4; lastKnownFileType = sourcecode.c.h; path = "UIColor+ZSExtension.h"; sourceTree = "<group>"; };
		EC64B0B122609D1F00961A5E /* UIColor+ZSExtension.m */ = {isa = PBXFileReference; fileEncoding = 4; lastKnownFileType = sourcecode.c.objc; path = "UIColor+ZSExtension.m"; sourceTree = "<group>"; };
		EC64B0B322609D8B00961A5E /* UIView+ZSExtension.h */ = {isa = PBXFileReference; fileEncoding = 4; lastKnownFileType = sourcecode.c.h; path = "UIView+ZSExtension.h"; sourceTree = "<group>"; };
		EC64B0B422609D8B00961A5E /* UIView+ZSExtension.m */ = {isa = PBXFileReference; fileEncoding = 4; lastKnownFileType = sourcecode.c.objc; path = "UIView+ZSExtension.m"; sourceTree = "<group>"; };
		EC7BAF2B225436BE00F3E28F /* UITabBarController+ZSExtension.swift */ = {isa = PBXFileReference; lastKnownFileType = sourcecode.swift; path = "UITabBarController+ZSExtension.swift"; sourceTree = "<group>"; };
		EC7BAF2F2254800000F3E28F /* ProfileContainerViewController.swift */ = {isa = PBXFileReference; lastKnownFileType = sourcecode.swift; path = ProfileContainerViewController.swift; sourceTree = "<group>"; };
		EC7BAF31225485FA00F3E28F /* ZSNavigationController.swift */ = {isa = PBXFileReference; lastKnownFileType = sourcecode.swift; path = ZSNavigationController.swift; sourceTree = "<group>"; };
		EC7BAF332254866C00F3E28F /* ZSTabBarController.swift */ = {isa = PBXFileReference; lastKnownFileType = sourcecode.swift; path = ZSTabBarController.swift; sourceTree = "<group>"; };
		EC7BAF35225488DF00F3E28F /* MeCell.swift */ = {isa = PBXFileReference; lastKnownFileType = sourcecode.swift; path = MeCell.swift; sourceTree = "<group>"; };
		EC7BAF3A225493BE00F3E28F /* ProfileViewController.swift */ = {isa = PBXFileReference; lastKnownFileType = sourcecode.swift; path = ProfileViewController.swift; sourceTree = "<group>"; };
		EC7BAF3C2254BFA800F3E28F /* ZSCollectionViewCell.swift */ = {isa = PBXFileReference; lastKnownFileType = sourcecode.swift; path = ZSCollectionViewCell.swift; sourceTree = "<group>"; };
		EC7BAF3E2254C0AE00F3E28F /* ProfileCell.swift */ = {isa = PBXFileReference; lastKnownFileType = sourcecode.swift; path = ProfileCell.swift; sourceTree = "<group>"; };
		EC7BAF402254C12000F3E28F /* UICollectionView+ZSExtension.swift */ = {isa = PBXFileReference; lastKnownFileType = sourcecode.swift; path = "UICollectionView+ZSExtension.swift"; sourceTree = "<group>"; };
		EC7BAF432255A0B000F3E28F /* ActivityIndicator.swift */ = {isa = PBXFileReference; fileEncoding = 4; lastKnownFileType = sourcecode.swift; path = ActivityIndicator.swift; sourceTree = "<group>"; };
		EC7BAF452255CE5A00F3E28F /* Entity.swift */ = {isa = PBXFileReference; lastKnownFileType = sourcecode.swift; path = Entity.swift; sourceTree = "<group>"; };
		EC7BAF472255CEFF00F3E28F /* Request.swift */ = {isa = PBXFileReference; lastKnownFileType = sourcecode.swift; path = Request.swift; sourceTree = "<group>"; };
		ECB0803121C2032400ED8548 /* NetworkAPI.swift */ = {isa = PBXFileReference; lastKnownFileType = sourcecode.swift; path = NetworkAPI.swift; sourceTree = "<group>"; };
		ECB6D89021BFCBB200017274 /* Model.swift */ = {isa = PBXFileReference; lastKnownFileType = sourcecode.swift; path = Model.swift; sourceTree = "<group>"; };
		ECB6D89621C096CC00017274 /* Moya+HandyJSON+ZSExtension.swift */ = {isa = PBXFileReference; lastKnownFileType = sourcecode.swift; path = "Moya+HandyJSON+ZSExtension.swift"; sourceTree = "<group>"; };
		ECE4A579224B1A4E00A0E69B /* HomeViewController.swift */ = {isa = PBXFileReference; lastKnownFileType = sourcecode.swift; path = HomeViewController.swift; sourceTree = "<group>"; };
		ECE4A57C224B1D2A00A0E69B /* MeViewController.swift */ = {isa = PBXFileReference; lastKnownFileType = sourcecode.swift; path = MeViewController.swift; sourceTree = "<group>"; };
		ECE4A58B224C8CD400A0E69B /* ProductionViewController.swift */ = {isa = PBXFileReference; lastKnownFileType = sourcecode.swift; path = ProductionViewController.swift; sourceTree = "<group>"; };
		ECE4A58D224C90DD00A0E69B /* ZSView.swift */ = {isa = PBXFileReference; lastKnownFileType = sourcecode.swift; path = ZSView.swift; sourceTree = "<group>"; };
		ECE4A58F224C940300A0E69B /* ZSExpandableCell.swift */ = {isa = PBXFileReference; lastKnownFileType = sourcecode.swift; path = ZSExpandableCell.swift; sourceTree = "<group>"; };
		ECE4A592224DDED300A0E69B /* ProductionCell.swift */ = {isa = PBXFileReference; lastKnownFileType = sourcecode.swift; path = ProductionCell.swift; sourceTree = "<group>"; };
		ECE4A594224DEB6600A0E69B /* ProductionView.swift */ = {isa = PBXFileReference; lastKnownFileType = sourcecode.swift; path = ProductionView.swift; sourceTree = "<group>"; };
		ECF0E7382253072400E265B9 /* String+ZSExtension.swift */ = {isa = PBXFileReference; lastKnownFileType = sourcecode.swift; path = "String+ZSExtension.swift"; sourceTree = "<group>"; };
		ECF0E73A22532B2100E265B9 /* MeView.swift */ = {isa = PBXFileReference; lastKnownFileType = sourcecode.swift; path = MeView.swift; sourceTree = "<group>"; };
		ECFD0FBA2251B6A90074550D /* ZSVisualEffectView.swift */ = {isa = PBXFileReference; lastKnownFileType = sourcecode.swift; path = ZSVisualEffectView.swift; sourceTree = "<group>"; };
		ECFD0FBD22520A810074550D /* ZSUserView.swift */ = {isa = PBXFileReference; lastKnownFileType = sourcecode.swift; path = ZSUserView.swift; sourceTree = "<group>"; };
		ECFD0FBF225212590074550D /* ConstraintArrayDSL.swift */ = {isa = PBXFileReference; fileEncoding = 4; lastKnownFileType = sourcecode.swift; path = ConstraintArrayDSL.swift; sourceTree = "<group>"; };
		ECFD0FC0225212590074550D /* ConstraintArray+Extensions.swift */ = {isa = PBXFileReference; fileEncoding = 4; lastKnownFileType = sourcecode.swift; path = "ConstraintArray+Extensions.swift"; sourceTree = "<group>"; };
/* End PBXFileReference section */

/* Begin PBXFrameworksBuildPhase section */
		EC1B9D6621BE84DB000E2C5B /* Frameworks */ = {
			isa = PBXFrameworksBuildPhase;
			buildActionMask = 2147483647;
			files = (
				F045B75D7DF9FFB7DF50872C /* Pods_ProjectYuri.framework in Frameworks */,
			);
			runOnlyForDeploymentPostprocessing = 0;
		};
/* End PBXFrameworksBuildPhase section */

/* Begin PBXGroup section */
		CAD6186988F74611FBDBA9A7 /* Frameworks */ = {
			isa = PBXGroup;
			children = (
				5E5EA96522B8512FF58C6A2F /* Pods_ProjectYuri.framework */,
			);
			name = Frameworks;
			sourceTree = "<group>";
		};
		EC1B9D6021BE84DB000E2C5B = {
			isa = PBXGroup;
			children = (
				EC1B9D6B21BE84DB000E2C5B /* ProjectYuri */,
				EC1B9D6A21BE84DB000E2C5B /* Products */,
				FE623F039F49E69F2A4C7E89 /* Pods */,
				CAD6186988F74611FBDBA9A7 /* Frameworks */,
			);
			sourceTree = "<group>";
		};
		EC1B9D6A21BE84DB000E2C5B /* Products */ = {
			isa = PBXGroup;
			children = (
				EC1B9D6921BE84DB000E2C5B /* ProjectYuri.app */,
			);
			name = Products;
			sourceTree = "<group>";
		};
		EC1B9D6B21BE84DB000E2C5B /* ProjectYuri */ = {
			isa = PBXGroup;
			children = (
				EC64B0AA226096B700961A5E /* Lib */,
				ECFD0FBC225209F40074550D /* CustomUI */,
				ECB6D88F21BFCB9F00017274 /* Model */,
				EC1B9D9921BE88C1000E2C5B /* Controller */,
				ECE4A57B224B1AB100A0E69B /* View */,
				EC1B9D9B21BE88CE000E2C5B /* Service */,
				EC1B9D7E21BE867F000E2C5B /* Base */,
				EC1B9D8721BE86B7000E2C5B /* ZSExtension */,
				EC1B9D6C21BE84DB000E2C5B /* AppDelegate.swift */,
				EC64B0AB226098E700961A5E /* ProjectYuri-Bridging-Header.h */,
				EC1B9D7321BE84DE000E2C5B /* Assets.xcassets */,
				EC1B9D7521BE84DE000E2C5B /* LaunchScreen.storyboard */,
				EC1B9D7821BE84DE000E2C5B /* Info.plist */,
			);
			path = ProjectYuri;
			sourceTree = "<group>";
		};
		EC1B9D7E21BE867F000E2C5B /* Base */ = {
			isa = PBXGroup;
			children = (
				EC1B9D8221BE8690000E2C5B /* Global.swift */,
				EC0F9FFD21CB182100EA685A /* ZSEmptyView.swift */,
				ECE4A58D224C90DD00A0E69B /* ZSView.swift */,
				EC1B9D8021BE8690000E2C5B /* ZSTableViewCell.swift */,
				EC7BAF3C2254BFA800F3E28F /* ZSCollectionViewCell.swift */,
				EC1B9D7F21BE8690000E2C5B /* ZSViewController.swift */,
				EC7BAF31225485FA00F3E28F /* ZSNavigationController.swift */,
				EC7BAF332254866C00F3E28F /* ZSTabBarController.swift */,
			);
			path = Base;
			sourceTree = "<group>";
		};
		EC1B9D8721BE86B7000E2C5B /* ZSExtension */ = {
			isa = PBXGroup;
			children = (
				EC1B9D8921BE86CF000E2C5B /* UITableView+ZSExtension.swift */,
				EC7BAF402254C12000F3E28F /* UICollectionView+ZSExtension.swift */,
				EC7BAF2B225436BE00F3E28F /* UITabBarController+ZSExtension.swift */,
				EC1B9D8821BE86CF000E2C5B /* ZSExtension.swift */,
				EC7BAF432255A0B000F3E28F /* ActivityIndicator.swift */,
				ECFD0FC0225212590074550D /* ConstraintArray+Extensions.swift */,
				ECFD0FBF225212590074550D /* ConstraintArrayDSL.swift */,
				EC1B9D8E21BE8765000E2C5B /* MJRefreshComponent+Rx.swift */,
				EC1B9D9421BE87CA000E2C5B /* MJRefreshHeader+Rx.swift */,
				EC1B9D9021BE8796000E2C5B /* MJRefreshFooter+Rx.swift */,
				ECB6D89621C096CC00017274 /* Moya+HandyJSON+ZSExtension.swift */,
				ECF0E7382253072400E265B9 /* String+ZSExtension.swift */,
			);
			path = ZSExtension;
			sourceTree = "<group>";
		};
		EC1B9D9921BE88C1000E2C5B /* Controller */ = {
			isa = PBXGroup;
			children = (
				ECE4A579224B1A4E00A0E69B /* HomeViewController.swift */,
				ECE4A58B224C8CD400A0E69B /* ProductionViewController.swift */,
				ECE4A57C224B1D2A00A0E69B /* MeViewController.swift */,
				EC64AFE6225F195900961A5E /* AddProductionViewController.swift */,
				EC416FCA22817A45001FF43E /* EditProductionViewController.swift */,
				EC7BAF2F2254800000F3E28F /* ProfileContainerViewController.swift */,
				EC7BAF3A225493BE00F3E28F /* ProfileViewController.swift */,
				EC5C2EE822718D1E007E036C /* AboutViewController.swift */,
				EC5C2EEC22719D52007E036C /* LicenseViewController.swift */,
			);
			path = Controller;
			sourceTree = "<group>";
		};
		EC1B9D9B21BE88CE000E2C5B /* Service */ = {
			isa = PBXGroup;
			children = (
				EC1B9D9C21BE890F000E2C5B /* NetworkService.swift */,
				ECB0803121C2032400ED8548 /* NetworkAPI.swift */,
			);
			path = Service;
			sourceTree = "<group>";
		};
		EC64AFE8226096AA00961A5E /* MLDPhotoManager */ = {
			isa = PBXGroup;
			children = (
				EC64B0AF22609AF300961A5E /* ZSExtension */,
				EC64B003226096AA00961A5E /* LGPhotoBrowser */,
				EC64B062226096AA00961A5E /* LKActionSheet */,
				EC64AFE9226096AA00961A5E /* 裁剪图片 */,
				EC64B05F226096AA00961A5E /* 相机相册 */,
				EC64B05E226096AA00961A5E /* MLDPhotoManager.h */,
				EC64B06A226096AA00961A5E /* MLDPhotoManager.m */,
			);
			path = MLDPhotoManager;
			sourceTree = "<group>";
		};
		EC64AFE9226096AA00961A5E /* 裁剪图片 */ = {
			isa = PBXGroup;
			children = (
				EC64AFEB226096AA00961A5E /* TKImageView */,
				EC64AFEA226096AA00961A5E /* ChooseDefImgItem.h */,
				EC64AFFF226096AA00961A5E /* ChooseDefImgItem.m */,
				EC64B000226096AA00961A5E /* AlertLabel */,
			);
			path = "裁剪图片";
			sourceTree = "<group>";
		};
		EC64AFEB226096AA00961A5E /* TKImageView */ = {
			isa = PBXGroup;
			children = (
				EC64AFF4226096AA00961A5E /* Views */,
				EC64AFEC226096AA00961A5E /* VPImageCropper */,
				EC64AFEF226096AA00961A5E /* 边框.png */,
				EC64AFF0226096AA00961A5E /* TKImageView.h */,
				EC64AFF2226096AA00961A5E /* TKImageView.m */,
				EC64AFF3226096AA00961A5E /* CropImageViewController.xib */,
				EC64AFFE226096AA00961A5E /* CropImageViewController.h */,
				EC64AFF1226096AA00961A5E /* CropImageViewController.m */,
			);
			path = TKImageView;
			sourceTree = "<group>";
		};
		EC64AFEC226096AA00961A5E /* VPImageCropper */ = {
			isa = PBXGroup;
			children = (
				EC64AFED226096AA00961A5E /* VPImageCropperViewController.m */,
				EC64AFEE226096AA00961A5E /* VPImageCropperViewController.h */,
			);
			path = VPImageCropper;
			sourceTree = "<group>";
		};
		EC64AFF4226096AA00961A5E /* Views */ = {
			isa = PBXGroup;
			children = (
				EC64AFF5226096AA00961A5E /* PhotoClipView.m */,
				EC64AFF6226096AA00961A5E /* AlbumCollectionViewCell.h */,
				EC64AFF7226096AA00961A5E /* UIImage+Custom.m */,
				EC64AFF8226096AA00961A5E /* PhotoClipCoverView.h */,
				EC64AFF9226096AA00961A5E /* 裁剪.png */,
				EC64AFFA226096AA00961A5E /* PhotoClipView.h */,
				EC64AFFB226096AA00961A5E /* PhotoClipCoverView.m */,
				EC64AFFC226096AA00961A5E /* UIImage+Custom.h */,
				EC64AFFD226096AA00961A5E /* AlbumCollectionViewCell.m */,
			);
			path = Views;
			sourceTree = "<group>";
		};
		EC64B000226096AA00961A5E /* AlertLabel */ = {
			isa = PBXGroup;
			children = (
				EC64B001226096AA00961A5E /* AlertLabel.m */,
				EC64B002226096AA00961A5E /* AlertLabel.h */,
			);
			path = AlertLabel;
			sourceTree = "<group>";
		};
		EC64B003226096AA00961A5E /* LGPhotoBrowser */ = {
			isa = PBXGroup;
			children = (
				EC64B004226096AA00961A5E /* Images */,
				EC64B019226096AA00961A5E /* Classes */,
			);
			path = LGPhotoBrowser;
			sourceTree = "<group>";
		};
		EC64B004226096AA00961A5E /* Images */ = {
			isa = PBXGroup;
			children = (
				EC64B005226096AA00961A5E /* lock@2x.png */,
				EC64B006226096AA00961A5E /* broswerPic4.jpg */,
				EC64B007226096AA00961A5E /* broswerPic3.jpg */,
				EC64B008226096AA00961A5E /* broswerPic2.jpg */,
				EC64B009226096AA00961A5E /* broswerPic0.jpg */,
				EC64B00A226096AA00961A5E /* X.png */,
				EC64B00B226096AA00961A5E /* broswerPic1.jpg */,
				EC64B00C226096AA00961A5E /* checkbox_pic@2x.png */,
				EC64B00D226096AA00961A5E /* shanguangdeng2@2x.png */,
				EC64B00E226096AA00961A5E /* shanguangdeng2.png */,
				EC64B00F226096AA00961A5E /* paizhao.png */,
				EC64B010226096AA00961A5E /* icon_pic_break@2x.png */,
				EC64B011226096AA00961A5E /* btn_back_imagePicker@2x.png */,
				EC64B012226096AA00961A5E /* checkbox_pic_non@2x.png */,
				EC64B013226096AA00961A5E /* checkbox_pic2@2x.png */,
				EC64B014226096AA00961A5E /* X@2x.png */,
				EC64B015226096AA00961A5E /* xiang@2x.png */,
				EC64B016226096AA00961A5E /* paizhao@2x.png */,
				EC64B017226096AA00961A5E /* checkbox_pic_non2@2x.png */,
				EC64B018226096AA00961A5E /* xiang.png */,
			);
			path = Images;
			sourceTree = "<group>";
		};
		EC64B019226096AA00961A5E /* Classes */ = {
			isa = PBXGroup;
			children = (
				EC64B01A226096AA00961A5E /* LGPhotoBrowser */,
				EC64B02E226096AA00961A5E /* ZLCamera */,
				EC64B039226096AA00961A5E /* LGPhotoPicker */,
				EC64B053226096AA00961A5E /* Third */,
				EC64B058226096AA00961A5E /* LGPhoto.h */,
				EC64B059226096AA00961A5E /* Utils */,
				EC64B05D226096AA00961A5E /* LGPhotoPickerCommon.h */,
			);
			path = Classes;
			sourceTree = "<group>";
		};
		EC64B01A226096AA00961A5E /* LGPhotoBrowser */ = {
			isa = PBXGroup;
			children = (
				EC64B01B226096AA00961A5E /* Models */,
				EC64B020226096AA00961A5E /* ViewControllers */,
				EC64B023226096AA00961A5E /* Views */,
			);
			path = LGPhotoBrowser;
			sourceTree = "<group>";
		};
		EC64B01B226096AA00961A5E /* Models */ = {
			isa = PBXGroup;
			children = (
				EC64B01C226096AA00961A5E /* LGPhotoPickerBrowserPhoto.h */,
				EC64B01D226096AA00961A5E /* LGPhotoRect.m */,
				EC64B01E226096AA00961A5E /* LGPhotoRect.h */,
				EC64B01F226096AA00961A5E /* LGPhotoPickerBrowserPhoto.m */,
			);
			path = Models;
			sourceTree = "<group>";
		};
		EC64B020226096AA00961A5E /* ViewControllers */ = {
			isa = PBXGroup;
			children = (
				EC64B022226096AA00961A5E /* LGPhotoPickerBrowserViewController.h */,
				EC64B021226096AA00961A5E /* LGPhotoPickerBrowserViewController.m */,
			);
			path = ViewControllers;
			sourceTree = "<group>";
		};
		EC64B023226096AA00961A5E /* Views */ = {
			isa = PBXGroup;
			children = (
				EC64B024226096AA00961A5E /* LGPhotoPickerBrowserPhotoScrollView.m */,
				EC64B025226096AA00961A5E /* LGPhotoPickerBrowserPhotoView.h */,
				EC64B026226096AA00961A5E /* LGImagePickerSelectView.h */,
				EC64B027226096AA00961A5E /* LGPhotoPickerBrowserPhotoImageView.h */,
				EC64B028226096AA00961A5E /* LGPhotoPickerCustomToolBarView.m */,
				EC64B029226096AA00961A5E /* LGPhotoPickerBrowserPhotoView.m */,
				EC64B02A226096AA00961A5E /* LGPhotoPickerBrowserPhotoScrollView.h */,
				EC64B02B226096AA00961A5E /* LGImagePickerSelectView.m */,
				EC64B02C226096AA00961A5E /* LGPhotoPickerCustomToolBarView.h */,
				EC64B02D226096AA00961A5E /* LGPhotoPickerBrowserPhotoImageView.m */,
			);
			path = Views;
			sourceTree = "<group>";
		};
		EC64B02E226096AA00961A5E /* ZLCamera */ = {
			isa = PBXGroup;
			children = (
				EC64B02F226096AA00961A5E /* LGCameraImageView.h */,
				EC64B030226096AA00961A5E /* ZLCameraViewController.m */,
				EC64B031226096AA00961A5E /* ZLCamera.h */,
				EC64B032226096AA00961A5E /* ZLCameraView.h */,
				EC64B033226096AA00961A5E /* ZLCameraImageView.m */,
				EC64B034226096AA00961A5E /* ZLCamera.m */,
				EC64B035226096AA00961A5E /* ZLCameraViewController.h */,
				EC64B036226096AA00961A5E /* LGCameraImageView.m */,
				EC64B037226096AA00961A5E /* ZLCameraView.m */,
				EC64B038226096AA00961A5E /* ZLCameraImageView.h */,
			);
			path = ZLCamera;
			sourceTree = "<group>";
		};
		EC64B039226096AA00961A5E /* LGPhotoPicker */ = {
			isa = PBXGroup;
			children = (
				EC64B03A226096AA00961A5E /* Models */,
				EC64B041226096AA00961A5E /* ViewControllers */,
				EC64B048226096AA00961A5E /* Views */,
			);
			path = LGPhotoPicker;
			sourceTree = "<group>";
		};
		EC64B03A226096AA00961A5E /* Models */ = {
			isa = PBXGroup;
			children = (
				EC64B03B226096AA00961A5E /* LGPhotoPickerDatas.m */,
				EC64B03C226096AA00961A5E /* LGPhotoAssets.h */,
				EC64B03D226096AA00961A5E /* LGPhotoPickerGroup.m */,
				EC64B03E226096AA00961A5E /* LGPhotoPickerDatas.h */,
				EC64B03F226096AA00961A5E /* LGPhotoPickerGroup.h */,
				EC64B040226096AA00961A5E /* LGPhotoAssets.m */,
			);
			path = Models;
			sourceTree = "<group>";
		};
		EC64B041226096AA00961A5E /* ViewControllers */ = {
			isa = PBXGroup;
			children = (
				EC64B042226096AA00961A5E /* LGPhotoPickerViewController.h */,
				EC64B046226096AA00961A5E /* LGPhotoPickerViewController.m */,
				EC64B043226096AA00961A5E /* LGPhotoPickerGroupViewController.h */,
				EC64B045226096AA00961A5E /* LGPhotoPickerGroupViewController.m */,
				EC64B044226096AA00961A5E /* LGPhotoPickerAssetsViewController.h */,
				EC64B047226096AA00961A5E /* LGPhotoPickerAssetsViewController.m */,
			);
			path = ViewControllers;
			sourceTree = "<group>";
		};
		EC64B048226096AA00961A5E /* Views */ = {
			isa = PBXGroup;
			children = (
				EC64B049226096AA00961A5E /* LGPhotoPickerGroupTableViewCell.h */,
				EC64B04A226096AA00961A5E /* LGPhotoPickerFooterCollectionReusableView.m */,
				EC64B04B226096AA00961A5E /* LGPhotoPickerImageView.h */,
				EC64B04C226096AA00961A5E /* LGPhotoPickerCollectionViewCell.m */,
				EC64B04D226096AA00961A5E /* LGPhotoPickerCollectionView.m */,
				EC64B04E226096AA00961A5E /* LGPhotoPickerFooterCollectionReusableView.h */,
				EC64B04F226096AA00961A5E /* LGPhotoPickerGroupTableViewCell.m */,
				EC64B050226096AA00961A5E /* LGPhotoPickerImageView.m */,
				EC64B051226096AA00961A5E /* LGPhotoPickerCollectionViewCell.h */,
				EC64B052226096AA00961A5E /* LGPhotoPickerCollectionView.h */,
			);
			path = Views;
			sourceTree = "<group>";
		};
		EC64B053226096AA00961A5E /* Third */ = {
			isa = PBXGroup;
			children = (
				EC64B054226096AA00961A5E /* DACircularProgress */,
				EC64B057226096AA00961A5E /* SDWebImage */,
			);
			path = Third;
			sourceTree = "<group>";
		};
		EC64B054226096AA00961A5E /* DACircularProgress */ = {
			isa = PBXGroup;
			children = (
				EC64B055226096AA00961A5E /* DACircularProgressView.m */,
				EC64B056226096AA00961A5E /* DACircularProgressView.h */,
			);
			path = DACircularProgress;
			sourceTree = "<group>";
		};
		EC64B057226096AA00961A5E /* SDWebImage */ = {
			isa = PBXGroup;
			children = (
			);
			path = SDWebImage;
			sourceTree = "<group>";
		};
		EC64B059226096AA00961A5E /* Utils */ = {
			isa = PBXGroup;
			children = (
				EC64B05A226096AA00961A5E /* Category */,
			);
			path = Utils;
			sourceTree = "<group>";
		};
		EC64B05A226096AA00961A5E /* Category */ = {
			isa = PBXGroup;
			children = (
				EC64B05B226096AA00961A5E /* UIView+Layout.m */,
				EC64B05C226096AA00961A5E /* UIView+Layout.h */,
			);
			path = Category;
			sourceTree = "<group>";
		};
		EC64B05F226096AA00961A5E /* 相机相册 */ = {
			isa = PBXGroup;
			children = (
				EC64B061226096AA00961A5E /* LSImagePickerController.h */,
				EC64B060226096AA00961A5E /* LSImagePickerController.m */,
			);
			path = "相机相册";
			sourceTree = "<group>";
		};
		EC64B062226096AA00961A5E /* LKActionSheet */ = {
			isa = PBXGroup;
			children = (
				EC64B063226096AA00961A5E /* LKActionLineView.h */,
				EC64B064226096AA00961A5E /* LKActionSheetView.h */,
				EC64B065226096AA00961A5E /* LKActionItem.h */,
				EC64B066226096AA00961A5E /* LKActionSheet.h */,
				EC64B067226096AA00961A5E /* LKActionLineView.m */,
				EC64B068226096AA00961A5E /* LKActionSheetView.m */,
				EC64B069226096AA00961A5E /* LKActionItem.m */,
			);
			path = LKActionSheet;
			sourceTree = "<group>";
		};
		EC64B0AA226096B700961A5E /* Lib */ = {
			isa = PBXGroup;
			children = (
				EC64AFE8226096AA00961A5E /* MLDPhotoManager */,
			);
			path = Lib;
			sourceTree = "<group>";
		};
		EC64B0AF22609AF300961A5E /* ZSExtension */ = {
			isa = PBXGroup;
			children = (
				EC64B0B022609D1F00961A5E /* UIColor+ZSExtension.h */,
				EC64B0B122609D1F00961A5E /* UIColor+ZSExtension.m */,
				EC64B0B322609D8B00961A5E /* UIView+ZSExtension.h */,
				EC64B0B422609D8B00961A5E /* UIView+ZSExtension.m */,
			);
			path = ZSExtension;
			sourceTree = "<group>";
		};
		ECB6D88F21BFCB9F00017274 /* Model */ = {
			isa = PBXGroup;
			children = (
				EC7BAF452255CE5A00F3E28F /* Entity.swift */,
				EC7BAF472255CEFF00F3E28F /* Request.swift */,
				ECB6D89021BFCBB200017274 /* Model.swift */,
			);
			path = Model;
			sourceTree = "<group>";
		};
		ECE4A57B224B1AB100A0E69B /* View */ = {
			isa = PBXGroup;
			children = (
				EC5C2EE6227001C0007E036C /* HomeCell.swift */,
				ECE4A592224DDED300A0E69B /* ProductionCell.swift */,
				ECE4A594224DEB6600A0E69B /* ProductionView.swift */,
				EC7BAF35225488DF00F3E28F /* MeCell.swift */,
				ECF0E73A22532B2100E265B9 /* MeView.swift */,
				EC7BAF3E2254C0AE00F3E28F /* ProfileCell.swift */,
			);
			path = View;
			sourceTree = "<group>";
		};
		ECFD0FBC225209F40074550D /* CustomUI */ = {
			isa = PBXGroup;
			children = (
				ECFD0FBA2251B6A90074550D /* ZSVisualEffectView.swift */,
				ECE4A58F224C940300A0E69B /* ZSExpandableCell.swift */,
				ECFD0FBD22520A810074550D /* ZSUserView.swift */,
			);
			path = CustomUI;
			sourceTree = "<group>";
		};
		FE623F039F49E69F2A4C7E89 /* Pods */ = {
			isa = PBXGroup;
			children = (
				2A300FFD16FDCF6D81850714 /* Pods-ProjectYuri.debug.xcconfig */,
				459D6ED540DE527EBF8BDC37 /* Pods-ProjectYuri.release.xcconfig */,
			);
			name = Pods;
			sourceTree = "<group>";
		};
/* End PBXGroup section */

/* Begin PBXNativeTarget section */
		EC1B9D6821BE84DB000E2C5B /* ProjectYuri */ = {
			isa = PBXNativeTarget;
			buildConfigurationList = EC1B9D7B21BE84DE000E2C5B /* Build configuration list for PBXNativeTarget "ProjectYuri" */;
			buildPhases = (
				89A1FA84F2ABFEB59EBC9EF4 /* [CP] Check Pods Manifest.lock */,
				EC1B9D6521BE84DB000E2C5B /* Sources */,
				EC1B9D6621BE84DB000E2C5B /* Frameworks */,
				EC1B9D6721BE84DB000E2C5B /* Resources */,
				7EE1F0C6D33F4B307585D3DA /* [CP] Embed Pods Frameworks */,
			);
			buildRules = (
			);
			dependencies = (
			);
			name = ProjectYuri;
			productName = RxSwiftDemo;
			productReference = EC1B9D6921BE84DB000E2C5B /* ProjectYuri.app */;
			productType = "com.apple.product-type.application";
		};
/* End PBXNativeTarget section */

/* Begin PBXProject section */
		EC1B9D6121BE84DB000E2C5B /* Project object */ = {
			isa = PBXProject;
			attributes = {
				LastSwiftUpdateCheck = 1000;
				LastUpgradeCheck = 1000;
				ORGANIZATIONNAME = "張帥";
				TargetAttributes = {
					EC1B9D6821BE84DB000E2C5B = {
						CreatedOnToolsVersion = 10.0;
						LastSwiftMigration = 1000;
					};
				};
			};
			buildConfigurationList = EC1B9D6421BE84DB000E2C5B /* Build configuration list for PBXProject "ProjectYuri" */;
			compatibilityVersion = "Xcode 9.3";
			developmentRegion = en;
			hasScannedForEncodings = 0;
			knownRegions = (
				en,
				Base,
			);
			mainGroup = EC1B9D6021BE84DB000E2C5B;
			productRefGroup = EC1B9D6A21BE84DB000E2C5B /* Products */;
			projectDirPath = "";
			projectRoot = "";
			targets = (
				EC1B9D6821BE84DB000E2C5B /* ProjectYuri */,
			);
		};
/* End PBXProject section */

/* Begin PBXResourcesBuildPhase section */
		EC1B9D6721BE84DB000E2C5B /* Resources */ = {
			isa = PBXResourcesBuildPhase;
			buildActionMask = 2147483647;
			files = (
				EC64B083226096AA00961A5E /* btn_back_imagePicker@2x.png in Resources */,
				EC64B07C226096AA00961A5E /* X.png in Resources */,
				EC64B08A226096AA00961A5E /* xiang.png in Resources */,
				EC64B072226096AA00961A5E /* 裁剪.png in Resources */,
				EC64B084226096AA00961A5E /* checkbox_pic_non@2x.png in Resources */,
				EC64B080226096AA00961A5E /* shanguangdeng2.png in Resources */,
				EC64B079226096AA00961A5E /* broswerPic3.jpg in Resources */,
				EC64B088226096AA00961A5E /* paizhao@2x.png in Resources */,
				EC64B07D226096AA00961A5E /* broswerPic1.jpg in Resources */,
				EC64B077226096AA00961A5E /* lock@2x.png in Resources */,
				EC64B07A226096AA00961A5E /* broswerPic2.jpg in Resources */,
				EC64B085226096AA00961A5E /* checkbox_pic2@2x.png in Resources */,
				EC64B089226096AA00961A5E /* checkbox_pic_non2@2x.png in Resources */,
				EC64B06C226096AA00961A5E /* 边框.png in Resources */,
				EC1B9D7721BE84DE000E2C5B /* LaunchScreen.storyboard in Resources */,
				EC64B07B226096AA00961A5E /* broswerPic0.jpg in Resources */,
				EC64B081226096AA00961A5E /* paizhao.png in Resources */,
				EC64B06F226096AA00961A5E /* CropImageViewController.xib in Resources */,
				EC64B07F226096AA00961A5E /* shanguangdeng2@2x.png in Resources */,
				EC64B078226096AA00961A5E /* broswerPic4.jpg in Resources */,
				EC64B082226096AA00961A5E /* icon_pic_break@2x.png in Resources */,
				EC64B087226096AA00961A5E /* xiang@2x.png in Resources */,
				EC64B086226096AA00961A5E /* X@2x.png in Resources */,
				EC64B07E226096AA00961A5E /* checkbox_pic@2x.png in Resources */,
				EC1B9D7421BE84DE000E2C5B /* Assets.xcassets in Resources */,
			);
			runOnlyForDeploymentPostprocessing = 0;
		};
/* End PBXResourcesBuildPhase section */

/* Begin PBXShellScriptBuildPhase section */
		7EE1F0C6D33F4B307585D3DA /* [CP] Embed Pods Frameworks */ = {
			isa = PBXShellScriptBuildPhase;
			buildActionMask = 2147483647;
			files = (
			);
			inputFileListPaths = (
			);
			inputPaths = (
				"${SRCROOT}/Pods/Target Support Files/Pods-ProjectYuri/Pods-ProjectYuri-frameworks.sh",
				"${BUILT_PRODUCTS_DIR}/Alamofire/Alamofire.framework",
				"${BUILT_PRODUCTS_DIR}/Differentiator/Differentiator.framework",
				"${BUILT_PRODUCTS_DIR}/HandyJSON/HandyJSON.framework",
				"${BUILT_PRODUCTS_DIR}/MJRefresh/MJRefresh.framework",
				"${BUILT_PRODUCTS_DIR}/Moya/Moya.framework",
				"${BUILT_PRODUCTS_DIR}/Result/Result.framework",
				"${BUILT_PRODUCTS_DIR}/RxAtomic/RxAtomic.framework",
				"${BUILT_PRODUCTS_DIR}/RxCocoa/RxCocoa.framework",
				"${BUILT_PRODUCTS_DIR}/RxDataSources/RxDataSources.framework",
				"${BUILT_PRODUCTS_DIR}/RxSwift/RxSwift.framework",
				"${BUILT_PRODUCTS_DIR}/SDWebImage/SDWebImage.framework",
				"${BUILT_PRODUCTS_DIR}/SGPagingView/SGPagingView.framework",
				"${BUILT_PRODUCTS_DIR}/SVProgressHUD/SVProgressHUD.framework",
				"${BUILT_PRODUCTS_DIR}/SnapKit/SnapKit.framework",
				"${BUILT_PRODUCTS_DIR}/ZSUtils/ZSUtils.framework",
			);
			name = "[CP] Embed Pods Frameworks";
			outputFileListPaths = (
			);
			outputPaths = (
				"${TARGET_BUILD_DIR}/${FRAMEWORKS_FOLDER_PATH}/Alamofire.framework",
				"${TARGET_BUILD_DIR}/${FRAMEWORKS_FOLDER_PATH}/Differentiator.framework",
				"${TARGET_BUILD_DIR}/${FRAMEWORKS_FOLDER_PATH}/HandyJSON.framework",
				"${TARGET_BUILD_DIR}/${FRAMEWORKS_FOLDER_PATH}/MJRefresh.framework",
				"${TARGET_BUILD_DIR}/${FRAMEWORKS_FOLDER_PATH}/Moya.framework",
				"${TARGET_BUILD_DIR}/${FRAMEWORKS_FOLDER_PATH}/Result.framework",
				"${TARGET_BUILD_DIR}/${FRAMEWORKS_FOLDER_PATH}/RxAtomic.framework",
				"${TARGET_BUILD_DIR}/${FRAMEWORKS_FOLDER_PATH}/RxCocoa.framework",
				"${TARGET_BUILD_DIR}/${FRAMEWORKS_FOLDER_PATH}/RxDataSources.framework",
				"${TARGET_BUILD_DIR}/${FRAMEWORKS_FOLDER_PATH}/RxSwift.framework",
				"${TARGET_BUILD_DIR}/${FRAMEWORKS_FOLDER_PATH}/SDWebImage.framework",
				"${TARGET_BUILD_DIR}/${FRAMEWORKS_FOLDER_PATH}/SGPagingView.framework",
				"${TARGET_BUILD_DIR}/${FRAMEWORKS_FOLDER_PATH}/SVProgressHUD.framework",
				"${TARGET_BUILD_DIR}/${FRAMEWORKS_FOLDER_PATH}/SnapKit.framework",
				"${TARGET_BUILD_DIR}/${FRAMEWORKS_FOLDER_PATH}/ZSUtils.framework",
			);
			runOnlyForDeploymentPostprocessing = 0;
			shellPath = /bin/sh;
			shellScript = "\"${SRCROOT}/Pods/Target Support Files/Pods-ProjectYuri/Pods-ProjectYuri-frameworks.sh\"\n";
			showEnvVarsInLog = 0;
		};
		89A1FA84F2ABFEB59EBC9EF4 /* [CP] Check Pods Manifest.lock */ = {
			isa = PBXShellScriptBuildPhase;
			buildActionMask = 2147483647;
			files = (
			);
			inputFileListPaths = (
			);
			inputPaths = (
				"${PODS_PODFILE_DIR_PATH}/Podfile.lock",
				"${PODS_ROOT}/Manifest.lock",
			);
			name = "[CP] Check Pods Manifest.lock";
			outputFileListPaths = (
			);
			outputPaths = (
				"$(DERIVED_FILE_DIR)/Pods-ProjectYuri-checkManifestLockResult.txt",
			);
			runOnlyForDeploymentPostprocessing = 0;
			shellPath = /bin/sh;
			shellScript = "diff \"${PODS_PODFILE_DIR_PATH}/Podfile.lock\" \"${PODS_ROOT}/Manifest.lock\" > /dev/null\nif [ $? != 0 ] ; then\n    # print error to STDERR\n    echo \"error: The sandbox is not in sync with the Podfile.lock. Run 'pod install' or update your CocoaPods installation.\" >&2\n    exit 1\nfi\n# This output is used by Xcode 'outputs' to avoid re-running this script phase.\necho \"SUCCESS\" > \"${SCRIPT_OUTPUT_FILE_0}\"\n";
			showEnvVarsInLog = 0;
		};
/* End PBXShellScriptBuildPhase section */

/* Begin PBXSourcesBuildPhase section */
		EC1B9D6521BE84DB000E2C5B /* Sources */ = {
			isa = PBXSourcesBuildPhase;
			buildActionMask = 2147483647;
			files = (
				EC64B096226096AA00961A5E /* LGCameraImageView.m in Sources */,
				ECFD0FC1225212590074550D /* ConstraintArrayDSL.swift in Sources */,
				EC64B09B226096AA00961A5E /* LGPhotoPickerGroupViewController.m in Sources */,
				EC1B9D8421BE8690000E2C5B /* ZSTableViewCell.swift in Sources */,
				EC0F9FFE21CB182100EA685A /* ZSEmptyView.swift in Sources */,
				EC7BAF342254866C00F3E28F /* ZSTabBarController.swift in Sources */,
				EC64B092226096AA00961A5E /* LGPhotoPickerBrowserPhotoImageView.m in Sources */,
				ECE4A57A224B1A4E00A0E69B /* HomeViewController.swift in Sources */,
				EC64B0A5226096AA00961A5E /* LSImagePickerController.m in Sources */,
				EC64B08B226096AA00961A5E /* LGPhotoRect.m in Sources */,
				ECFD0FBE22520A810074550D /* ZSUserView.swift in Sources */,
				EC64B091226096AA00961A5E /* LGImagePickerSelectView.m in Sources */,
				EC7BAF3B225493BF00F3E28F /* ProfileViewController.swift in Sources */,
				EC64B09F226096AA00961A5E /* LGPhotoPickerCollectionViewCell.m in Sources */,
				EC64B099226096AA00961A5E /* LGPhotoPickerGroup.m in Sources */,
				EC7BAF302254800000F3E28F /* ProfileContainerViewController.swift in Sources */,
				ECE4A595224DEB6600A0E69B /* ProductionView.swift in Sources */,
				EC64B08F226096AA00961A5E /* LGPhotoPickerCustomToolBarView.m in Sources */,
				EC1B9D9521BE87CA000E2C5B /* MJRefreshHeader+Rx.swift in Sources */,
				ECB6D89121BFCBB200017274 /* Model.swift in Sources */,
				ECFD0FC2225212590074550D /* ConstraintArray+Extensions.swift in Sources */,
				EC1B9D8A21BE86CF000E2C5B /* ZSExtension.swift in Sources */,
				EC64B09E226096AA00961A5E /* LGPhotoPickerFooterCollectionReusableView.m in Sources */,
				ECE4A590224C940300A0E69B /* ZSExpandableCell.swift in Sources */,
				EC5C2EE7227001C0007E036C /* HomeCell.swift in Sources */,
				EC7BAF36225488DF00F3E28F /* MeCell.swift in Sources */,
				EC64B0A3226096AA00961A5E /* DACircularProgressView.m in Sources */,
				EC64B095226096AA00961A5E /* ZLCamera.m in Sources */,
				EC1B9D8621BE8690000E2C5B /* Global.swift in Sources */,
				ECFD0FBB2251B6A90074550D /* ZSVisualEffectView.swift in Sources */,
				EC7BAF482255CEFF00F3E28F /* Request.swift in Sources */,
				EC7BAF442255A0B100F3E28F /* ActivityIndicator.swift in Sources */,
				EC64B08D226096AA00961A5E /* LGPhotoPickerBrowserViewController.m in Sources */,
				EC64B08C226096AA00961A5E /* LGPhotoPickerBrowserPhoto.m in Sources */,
				EC1B9D6D21BE84DB000E2C5B /* AppDelegate.swift in Sources */,
				EC64B0B222609D1F00961A5E /* UIColor+ZSExtension.m in Sources */,
				EC64B094226096AA00961A5E /* ZLCameraImageView.m in Sources */,
				EC64B0A7226096AA00961A5E /* LKActionSheetView.m in Sources */,
				ECE4A58C224C8CD400A0E69B /* ProductionViewController.swift in Sources */,
				EC7BAF462255CE5A00F3E28F /* Entity.swift in Sources */,
				EC64B09D226096AA00961A5E /* LGPhotoPickerAssetsViewController.m in Sources */,
				EC64B0A4226096AA00961A5E /* UIView+Layout.m in Sources */,
				EC64B09A226096AA00961A5E /* LGPhotoAssets.m in Sources */,
				EC7BAF412254C12000F3E28F /* UICollectionView+ZSExtension.swift in Sources */,
				EC64B071226096AA00961A5E /* UIImage+Custom.m in Sources */,
				EC416FCB22817A45001FF43E /* EditProductionViewController.swift in Sources */,
				EC64B0A6226096AA00961A5E /* LKActionLineView.m in Sources */,
				EC5C2EED22719D52007E036C /* LicenseViewController.swift in Sources */,
				EC64B0A1226096AA00961A5E /* LGPhotoPickerGroupTableViewCell.m in Sources */,
				EC7BAF32225485FA00F3E28F /* ZSNavigationController.swift in Sources */,
				ECB0803221C2032400ED8548 /* NetworkAPI.swift in Sources */,
				EC7BAF3D2254BFA800F3E28F /* ZSCollectionViewCell.swift in Sources */,
				EC64B075226096AA00961A5E /* ChooseDefImgItem.m in Sources */,
				EC64B090226096AA00961A5E /* LGPhotoPickerBrowserPhotoView.m in Sources */,
				EC64B073226096AA00961A5E /* PhotoClipCoverView.m in Sources */,
				EC1B9D8B21BE86CF000E2C5B /* UITableView+ZSExtension.swift in Sources */,
				EC7BAF3F2254C0AE00F3E28F /* ProfileCell.swift in Sources */,
				EC64B0A2226096AA00961A5E /* LGPhotoPickerImageView.m in Sources */,
				ECF0E7392253072400E265B9 /* String+ZSExtension.swift in Sources */,
				EC64B074226096AA00961A5E /* AlbumCollectionViewCell.m in Sources */,
				EC1B9D8F21BE8765000E2C5B /* MJRefreshComponent+Rx.swift in Sources */,
				EC1B9D8321BE8690000E2C5B /* ZSViewController.swift in Sources */,
				EC64B09C226096AA00961A5E /* LGPhotoPickerViewController.m in Sources */,
				EC64B0A9226096AA00961A5E /* MLDPhotoManager.m in Sources */,
				EC64B08E226096AA00961A5E /* LGPhotoPickerBrowserPhotoScrollView.m in Sources */,
				ECF0E73B22532B2100E265B9 /* MeView.swift in Sources */,
				EC64B093226096AA00961A5E /* ZLCameraViewController.m in Sources */,
				EC64B06E226096AA00961A5E /* TKImageView.m in Sources */,
				EC5C2EE922718D1E007E036C /* AboutViewController.swift in Sources */,
				EC64B0A0226096AA00961A5E /* LGPhotoPickerCollectionView.m in Sources */,
				EC64B06B226096AA00961A5E /* VPImageCropperViewController.m in Sources */,
				EC64B06D226096AA00961A5E /* CropImageViewController.m in Sources */,
				ECE4A593224DDED300A0E69B /* ProductionCell.swift in Sources */,
				EC64B070226096AA00961A5E /* PhotoClipView.m in Sources */,
				EC7BAF2C225436BE00F3E28F /* UITabBarController+ZSExtension.swift in Sources */,
				ECE4A58E224C90DD00A0E69B /* ZSView.swift in Sources */,
				EC64B076226096AA00961A5E /* AlertLabel.m in Sources */,
				EC64B0A8226096AA00961A5E /* LKActionItem.m in Sources */,
				EC64B098226096AA00961A5E /* LGPhotoPickerDatas.m in Sources */,
				ECB6D89721C096CC00017274 /* Moya+HandyJSON+ZSExtension.swift in Sources */,
				ECE4A57D224B1D2A00A0E69B /* MeViewController.swift in Sources */,
				EC64AFE7225F195900961A5E /* AddProductionViewController.swift in Sources */,
				EC1B9D9D21BE890F000E2C5B /* NetworkService.swift in Sources */,
				EC1B9D9121BE8796000E2C5B /* MJRefreshFooter+Rx.swift in Sources */,
				EC64B0B522609D8B00961A5E /* UIView+ZSExtension.m in Sources */,
				EC64B097226096AA00961A5E /* ZLCameraView.m in Sources */,
			);
			runOnlyForDeploymentPostprocessing = 0;
		};
/* End PBXSourcesBuildPhase section */

/* Begin PBXVariantGroup section */
		EC1B9D7521BE84DE000E2C5B /* LaunchScreen.storyboard */ = {
			isa = PBXVariantGroup;
			children = (
				EC1B9D7621BE84DE000E2C5B /* Base */,
			);
			name = LaunchScreen.storyboard;
			sourceTree = "<group>";
		};
/* End PBXVariantGroup section */

/* Begin XCBuildConfiguration section */
		EC1B9D7921BE84DE000E2C5B /* Debug */ = {
			isa = XCBuildConfiguration;
			buildSettings = {
				ALWAYS_SEARCH_USER_PATHS = NO;
				CLANG_ANALYZER_NONNULL = YES;
				CLANG_ANALYZER_NUMBER_OBJECT_CONVERSION = YES_AGGRESSIVE;
				CLANG_CXX_LANGUAGE_STANDARD = "gnu++14";
				CLANG_CXX_LIBRARY = "libc++";
				CLANG_ENABLE_MODULES = YES;
				CLANG_ENABLE_OBJC_ARC = YES;
				CLANG_ENABLE_OBJC_WEAK = YES;
				CLANG_WARN_BLOCK_CAPTURE_AUTORELEASING = YES;
				CLANG_WARN_BOOL_CONVERSION = YES;
				CLANG_WARN_COMMA = YES;
				CLANG_WARN_CONSTANT_CONVERSION = YES;
				CLANG_WARN_DEPRECATED_OBJC_IMPLEMENTATIONS = YES;
				CLANG_WARN_DIRECT_OBJC_ISA_USAGE = YES_ERROR;
				CLANG_WARN_DOCUMENTATION_COMMENTS = YES;
				CLANG_WARN_EMPTY_BODY = YES;
				CLANG_WARN_ENUM_CONVERSION = YES;
				CLANG_WARN_INFINITE_RECURSION = YES;
				CLANG_WARN_INT_CONVERSION = YES;
				CLANG_WARN_NON_LITERAL_NULL_CONVERSION = YES;
				CLANG_WARN_OBJC_IMPLICIT_RETAIN_SELF = YES;
				CLANG_WARN_OBJC_LITERAL_CONVERSION = YES;
				CLANG_WARN_OBJC_ROOT_CLASS = YES_ERROR;
				CLANG_WARN_RANGE_LOOP_ANALYSIS = YES;
				CLANG_WARN_STRICT_PROTOTYPES = YES;
				CLANG_WARN_SUSPICIOUS_MOVE = YES;
				CLANG_WARN_UNGUARDED_AVAILABILITY = YES_AGGRESSIVE;
				CLANG_WARN_UNREACHABLE_CODE = YES;
				CLANG_WARN__DUPLICATE_METHOD_MATCH = YES;
				CODE_SIGN_IDENTITY = "iPhone Developer";
				COPY_PHASE_STRIP = NO;
				DEBUG_INFORMATION_FORMAT = dwarf;
				ENABLE_STRICT_OBJC_MSGSEND = YES;
				ENABLE_TESTABILITY = YES;
				GCC_C_LANGUAGE_STANDARD = gnu11;
				GCC_DYNAMIC_NO_PIC = NO;
				GCC_NO_COMMON_BLOCKS = YES;
				GCC_OPTIMIZATION_LEVEL = 0;
				GCC_PREPROCESSOR_DEFINITIONS = (
					"DEBUG=1",
					"$(inherited)",
				);
				GCC_WARN_64_TO_32_BIT_CONVERSION = YES;
				GCC_WARN_ABOUT_RETURN_TYPE = YES_ERROR;
				GCC_WARN_UNDECLARED_SELECTOR = YES;
				GCC_WARN_UNINITIALIZED_AUTOS = YES_AGGRESSIVE;
				GCC_WARN_UNUSED_FUNCTION = YES;
				GCC_WARN_UNUSED_VARIABLE = YES;
				IPHONEOS_DEPLOYMENT_TARGET = 12.0;
				MTL_ENABLE_DEBUG_INFO = INCLUDE_SOURCE;
				MTL_FAST_MATH = YES;
				ONLY_ACTIVE_ARCH = YES;
				SDKROOT = iphoneos;
				SWIFT_ACTIVE_COMPILATION_CONDITIONS = DEBUG;
				SWIFT_OPTIMIZATION_LEVEL = "-Onone";
			};
			name = Debug;
		};
		EC1B9D7A21BE84DE000E2C5B /* Release */ = {
			isa = XCBuildConfiguration;
			buildSettings = {
				ALWAYS_SEARCH_USER_PATHS = NO;
				CLANG_ANALYZER_NONNULL = YES;
				CLANG_ANALYZER_NUMBER_OBJECT_CONVERSION = YES_AGGRESSIVE;
				CLANG_CXX_LANGUAGE_STANDARD = "gnu++14";
				CLANG_CXX_LIBRARY = "libc++";
				CLANG_ENABLE_MODULES = YES;
				CLANG_ENABLE_OBJC_ARC = YES;
				CLANG_ENABLE_OBJC_WEAK = YES;
				CLANG_WARN_BLOCK_CAPTURE_AUTORELEASING = YES;
				CLANG_WARN_BOOL_CONVERSION = YES;
				CLANG_WARN_COMMA = YES;
				CLANG_WARN_CONSTANT_CONVERSION = YES;
				CLANG_WARN_DEPRECATED_OBJC_IMPLEMENTATIONS = YES;
				CLANG_WARN_DIRECT_OBJC_ISA_USAGE = YES_ERROR;
				CLANG_WARN_DOCUMENTATION_COMMENTS = YES;
				CLANG_WARN_EMPTY_BODY = YES;
				CLANG_WARN_ENUM_CONVERSION = YES;
				CLANG_WARN_INFINITE_RECURSION = YES;
				CLANG_WARN_INT_CONVERSION = YES;
				CLANG_WARN_NON_LITERAL_NULL_CONVERSION = YES;
				CLANG_WARN_OBJC_IMPLICIT_RETAIN_SELF = YES;
				CLANG_WARN_OBJC_LITERAL_CONVERSION = YES;
				CLANG_WARN_OBJC_ROOT_CLASS = YES_ERROR;
				CLANG_WARN_RANGE_LOOP_ANALYSIS = YES;
				CLANG_WARN_STRICT_PROTOTYPES = YES;
				CLANG_WARN_SUSPICIOUS_MOVE = YES;
				CLANG_WARN_UNGUARDED_AVAILABILITY = YES_AGGRESSIVE;
				CLANG_WARN_UNREACHABLE_CODE = YES;
				CLANG_WARN__DUPLICATE_METHOD_MATCH = YES;
				CODE_SIGN_IDENTITY = "iPhone Developer";
				COPY_PHASE_STRIP = NO;
				DEBUG_INFORMATION_FORMAT = "dwarf-with-dsym";
				ENABLE_NS_ASSERTIONS = NO;
				ENABLE_STRICT_OBJC_MSGSEND = YES;
				GCC_C_LANGUAGE_STANDARD = gnu11;
				GCC_NO_COMMON_BLOCKS = YES;
				GCC_WARN_64_TO_32_BIT_CONVERSION = YES;
				GCC_WARN_ABOUT_RETURN_TYPE = YES_ERROR;
				GCC_WARN_UNDECLARED_SELECTOR = YES;
				GCC_WARN_UNINITIALIZED_AUTOS = YES_AGGRESSIVE;
				GCC_WARN_UNUSED_FUNCTION = YES;
				GCC_WARN_UNUSED_VARIABLE = YES;
				IPHONEOS_DEPLOYMENT_TARGET = 12.0;
				MTL_ENABLE_DEBUG_INFO = NO;
				MTL_FAST_MATH = YES;
				SDKROOT = iphoneos;
				SWIFT_COMPILATION_MODE = wholemodule;
				SWIFT_OPTIMIZATION_LEVEL = "-O";
				VALIDATE_PRODUCT = YES;
			};
			name = Release;
		};
		EC1B9D7C21BE84DE000E2C5B /* Debug */ = {
			isa = XCBuildConfiguration;
			baseConfigurationReference = 2A300FFD16FDCF6D81850714 /* Pods-ProjectYuri.debug.xcconfig */;
			buildSettings = {
				ASSETCATALOG_COMPILER_APPICON_NAME = AppIcon;
				CLANG_ENABLE_MODULES = YES;
				CODE_SIGN_STYLE = Automatic;
				INFOPLIST_FILE = "$(SRCROOT)/ProjectYuri/Info.plist";
				IPHONEOS_DEPLOYMENT_TARGET = 8.0;
				LD_RUNPATH_SEARCH_PATHS = (
					"$(inherited)",
					"@executable_path/Frameworks",
				);
				PRODUCT_BUNDLE_IDENTIFIER = yuri.ProjectYuri;
				PRODUCT_NAME = "$(TARGET_NAME)";
				SWIFT_OBJC_BRIDGING_HEADER = "ProjectYuri/ProjectYuri-Bridging-Header.h";
				SWIFT_OPTIMIZATION_LEVEL = "-Onone";
				SWIFT_VERSION = 4.2;
				TARGETED_DEVICE_FAMILY = 1;
			};
			name = Debug;
		};
		EC1B9D7D21BE84DE000E2C5B /* Release */ = {
			isa = XCBuildConfiguration;
			baseConfigurationReference = 459D6ED540DE527EBF8BDC37 /* Pods-ProjectYuri.release.xcconfig */;
			buildSettings = {
				ASSETCATALOG_COMPILER_APPICON_NAME = AppIcon;
				CLANG_ENABLE_MODULES = YES;
				CODE_SIGN_STYLE = Automatic;
				INFOPLIST_FILE = "$(SRCROOT)/ProjectYuri/Info.plist";
				IPHONEOS_DEPLOYMENT_TARGET = 8.0;
				LD_RUNPATH_SEARCH_PATHS = (
					"$(inherited)",
					"@executable_path/Frameworks",
				);
				PRODUCT_BUNDLE_IDENTIFIER = yuri.ProjectYuri;
				PRODUCT_NAME = "$(TARGET_NAME)";
				SWIFT_OBJC_BRIDGING_HEADER = "ProjectYuri/ProjectYuri-Bridging-Header.h";
				SWIFT_VERSION = 4.2;
				TARGETED_DEVICE_FAMILY = 1;
			};
			name = Release;
		};
/* End XCBuildConfiguration section */

/* Begin XCConfigurationList section */
		EC1B9D6421BE84DB000E2C5B /* Build configuration list for PBXProject "ProjectYuri" */ = {
			isa = XCConfigurationList;
			buildConfigurations = (
				EC1B9D7921BE84DE000E2C5B /* Debug */,
				EC1B9D7A21BE84DE000E2C5B /* Release */,
			);
			defaultConfigurationIsVisible = 0;
			defaultConfigurationName = Release;
		};
		EC1B9D7B21BE84DE000E2C5B /* Build configuration list for PBXNativeTarget "ProjectYuri" */ = {
			isa = XCConfigurationList;
			buildConfigurations = (
				EC1B9D7C21BE84DE000E2C5B /* Debug */,
				EC1B9D7D21BE84DE000E2C5B /* Release */,
			);
			defaultConfigurationIsVisible = 0;
			defaultConfigurationName = Release;
		};
/* End XCConfigurationList section */
	};
	rootObject = EC1B9D6121BE84DB000E2C5B /* Project object */;
}
