// !$*UTF8*$!
{
	archiveVersion = 1;
	classes = {
	};
	objectVersion = 50;
	objects = {

/* Begin PBXBuildFile section */
		0D6911DE05F27452B8BA0DA1 /* Pods_ProjectYuri.framework in Frameworks */ = {isa = PBXBuildFile; fileRef = BEC8D36D7AA6AC9A953E0138 /* Pods_ProjectYuri.framework */; };
		EC021E9F21F0102B0058F9E3 /* DatabaseService.swift in Sources */ = {isa = PBXBuildFile; fileRef = EC021E9E21F0102B0058F9E3 /* DatabaseService.swift */; };
		EC03452021E87CB800DDC12C /* FavouritesViewController.swift in Sources */ = {isa = PBXBuildFile; fileRef = EC03451F21E87CB800DDC12C /* FavouritesViewController.swift */; };
		EC0F9FFE21CB182100EA685A /* ZSEmptyView.swift in Sources */ = {isa = PBXBuildFile; fileRef = EC0F9FFD21CB182100EA685A /* ZSEmptyView.swift */; };
		EC0FA00221CB693800EA685A /* ActivityIndicator.swift in Sources */ = {isa = PBXBuildFile; fileRef = EC0FA00121CB693800EA685A /* ActivityIndicator.swift */; };
		EC1B9D6D21BE84DB000E2C5B /* AppDelegate.swift in Sources */ = {isa = PBXBuildFile; fileRef = EC1B9D6C21BE84DB000E2C5B /* AppDelegate.swift */; };
		EC1B9D6F21BE84DB000E2C5B /* SearchViewController.swift in Sources */ = {isa = PBXBuildFile; fileRef = EC1B9D6E21BE84DB000E2C5B /* SearchViewController.swift */; };
		EC1B9D7421BE84DE000E2C5B /* Assets.xcassets in Resources */ = {isa = PBXBuildFile; fileRef = EC1B9D7321BE84DE000E2C5B /* Assets.xcassets */; };
		EC1B9D7721BE84DE000E2C5B /* LaunchScreen.storyboard in Resources */ = {isa = PBXBuildFile; fileRef = EC1B9D7521BE84DE000E2C5B /* LaunchScreen.storyboard */; };
		EC1B9D8321BE8690000E2C5B /* ZSViewController.swift in Sources */ = {isa = PBXBuildFile; fileRef = EC1B9D7F21BE8690000E2C5B /* ZSViewController.swift */; };
		EC1B9D8421BE8690000E2C5B /* ZSTableViewCell.swift in Sources */ = {isa = PBXBuildFile; fileRef = EC1B9D8021BE8690000E2C5B /* ZSTableViewCell.swift */; };
		EC1B9D8621BE8690000E2C5B /* Global.swift in Sources */ = {isa = PBXBuildFile; fileRef = EC1B9D8221BE8690000E2C5B /* Global.swift */; };
		EC1B9D8A21BE86CF000E2C5B /* ZSExtension.swift in Sources */ = {isa = PBXBuildFile; fileRef = EC1B9D8821BE86CF000E2C5B /* ZSExtension.swift */; };
		EC1B9D8B21BE86CF000E2C5B /* UITableView+ZSExtension.swift in Sources */ = {isa = PBXBuildFile; fileRef = EC1B9D8921BE86CF000E2C5B /* UITableView+ZSExtension.swift */; };
		EC1B9D8F21BE8765000E2C5B /* MJRefreshComponent+Rx.swift in Sources */ = {isa = PBXBuildFile; fileRef = EC1B9D8E21BE8765000E2C5B /* MJRefreshComponent+Rx.swift */; };
		EC1B9D9121BE8796000E2C5B /* MJRefreshFooter+Rx.swift in Sources */ = {isa = PBXBuildFile; fileRef = EC1B9D9021BE8796000E2C5B /* MJRefreshFooter+Rx.swift */; };
		EC1B9D9521BE87CA000E2C5B /* MJRefreshHeader+Rx.swift in Sources */ = {isa = PBXBuildFile; fileRef = EC1B9D9421BE87CA000E2C5B /* MJRefreshHeader+Rx.swift */; };
		EC1B9D9D21BE890F000E2C5B /* NetworkService.swift in Sources */ = {isa = PBXBuildFile; fileRef = EC1B9D9C21BE890F000E2C5B /* NetworkService.swift */; };
		EC1B9D9F21BE895A000E2C5B /* SearchTableViewCell.swift in Sources */ = {isa = PBXBuildFile; fileRef = EC1B9D9E21BE8959000E2C5B /* SearchTableViewCell.swift */; };
		EC3908F221D1D1F8003A9250 /* DatabaseAPI.swift in Sources */ = {isa = PBXBuildFile; fileRef = EC3908F121D1D1F8003A9250 /* DatabaseAPI.swift */; };
		EC6E2B8A2248B2A400DFCFE6 /* ZSTabBarController.swift in Sources */ = {isa = PBXBuildFile; fileRef = EC6E2B892248B2A400DFCFE6 /* ZSTabBarController.swift */; };
		EC6E2B8C2248B2B700DFCFE6 /* ZSNavigationController.swift in Sources */ = {isa = PBXBuildFile; fileRef = EC6E2B8B2248B2B700DFCFE6 /* ZSNavigationController.swift */; };
		EC6E2BB02248C87C00DFCFE6 /* UIControl+ZSExtension.m in Sources */ = {isa = PBXBuildFile; fileRef = EC6E2B932248C87500DFCFE6 /* UIControl+ZSExtension.m */; };
		EC6E2BB12248C87C00DFCFE6 /* UIViewController+ZSExtension.m in Sources */ = {isa = PBXBuildFile; fileRef = EC6E2B952248C87500DFCFE6 /* UIViewController+ZSExtension.m */; };
		EC6E2BB22248C87C00DFCFE6 /* UIBarButtonItem+ZSExtension.m in Sources */ = {isa = PBXBuildFile; fileRef = EC6E2B962248C87500DFCFE6 /* UIBarButtonItem+ZSExtension.m */; };
		EC6E2BB32248C87C00DFCFE6 /* UIColor+ZSExtension.m in Sources */ = {isa = PBXBuildFile; fileRef = EC6E2B982248C87600DFCFE6 /* UIColor+ZSExtension.m */; };
		EC6E2BB42248C87C00DFCFE6 /* UIImage+ZSExtension.m in Sources */ = {isa = PBXBuildFile; fileRef = EC6E2B9A2248C87600DFCFE6 /* UIImage+ZSExtension.m */; };
		EC6E2BB52248C87C00DFCFE6 /* UIButton+ZSExtension.m in Sources */ = {isa = PBXBuildFile; fileRef = EC6E2B9B2248C87600DFCFE6 /* UIButton+ZSExtension.m */; };
		EC6E2BB62248C87C00DFCFE6 /* UIView+ZSExtension.m in Sources */ = {isa = PBXBuildFile; fileRef = EC6E2B9C2248C87600DFCFE6 /* UIView+ZSExtension.m */; };
		EC6E2BB72248C87C00DFCFE6 /* UIScreen+ZSExtension.m in Sources */ = {isa = PBXBuildFile; fileRef = EC6E2B9F2248C87700DFCFE6 /* UIScreen+ZSExtension.m */; };
		EC6E2BB82248C87C00DFCFE6 /* UIDevice+ZSExtension.m in Sources */ = {isa = PBXBuildFile; fileRef = EC6E2BA32248C87800DFCFE6 /* UIDevice+ZSExtension.m */; };
		EC6E2BB92248C87C00DFCFE6 /* NSDate+ZSExtension.m in Sources */ = {isa = PBXBuildFile; fileRef = EC6E2BA62248C87800DFCFE6 /* NSDate+ZSExtension.m */; };
		EC6E2BBA2248C87C00DFCFE6 /* NSFileManager+ZSExtension.m in Sources */ = {isa = PBXBuildFile; fileRef = EC6E2BA82248C87900DFCFE6 /* NSFileManager+ZSExtension.m */; };
		EC6E2BBB2248C87C00DFCFE6 /* ZSUtils.m in Sources */ = {isa = PBXBuildFile; fileRef = EC6E2BAA2248C87A00DFCFE6 /* ZSUtils.m */; };
		EC6E2BBC2248C87C00DFCFE6 /* NSObject+ZSExtension.m in Sources */ = {isa = PBXBuildFile; fileRef = EC6E2BAC2248C87A00DFCFE6 /* NSObject+ZSExtension.m */; };
		EC6E2BBD2248C87C00DFCFE6 /* NSURL+ZSExtension.m in Sources */ = {isa = PBXBuildFile; fileRef = EC6E2BAD2248C87B00DFCFE6 /* NSURL+ZSExtension.m */; };
		EC6E2BBE2248C87C00DFCFE6 /* NSString+ZSExtension.m in Sources */ = {isa = PBXBuildFile; fileRef = EC6E2BAF2248C87C00DFCFE6 /* NSString+ZSExtension.m */; };
		ECB0803221C2032400ED8548 /* NetworkAPI.swift in Sources */ = {isa = PBXBuildFile; fileRef = ECB0803121C2032400ED8548 /* NetworkAPI.swift */; };
		ECB0803C21C220E300ED8548 /* OwnerViewController.swift in Sources */ = {isa = PBXBuildFile; fileRef = ECB0803B21C220E300ED8548 /* OwnerViewController.swift */; };
		ECB6D89121BFCBB200017274 /* Model.swift in Sources */ = {isa = PBXBuildFile; fileRef = ECB6D89021BFCBB200017274 /* Model.swift */; };
		ECB6D89721C096CC00017274 /* Moya+HandyJSON+ZSExtension.swift in Sources */ = {isa = PBXBuildFile; fileRef = ECB6D89621C096CC00017274 /* Moya+HandyJSON+ZSExtension.swift */; };
		ECE4A578224A0E3300A0E69B /* UISegmentedControl+ZSExtension.m in Sources */ = {isa = PBXBuildFile; fileRef = ECE4A577224A0E3300A0E69B /* UISegmentedControl+ZSExtension.m */; };
		ECE4A57A224B1A4E00A0E69B /* HomeViewController.swift in Sources */ = {isa = PBXBuildFile; fileRef = ECE4A579224B1A4E00A0E69B /* HomeViewController.swift */; };
		ECE4A57D224B1D2A00A0E69B /* ProfileViewController.swift in Sources */ = {isa = PBXBuildFile; fileRef = ECE4A57C224B1D2A00A0E69B /* ProfileViewController.swift */; };
		ECE4A581224B319200A0E69B /* CategoryViewController.swift in Sources */ = {isa = PBXBuildFile; fileRef = ECE4A580224B319200A0E69B /* CategoryViewController.swift */; };
		ECE4A586224C604000A0E69B /* RuntimeHandler.m in Sources */ = {isa = PBXBuildFile; fileRef = ECE4A585224C604000A0E69B /* RuntimeHandler.m */; };
		ECE4A588224C625600A0E69B /* Runtime+ZSExtension.swift in Sources */ = {isa = PBXBuildFile; fileRef = ECE4A587224C625600A0E69B /* Runtime+ZSExtension.swift */; };
		ECE4A58C224C8CD400A0E69B /* ProductionViewController.swift in Sources */ = {isa = PBXBuildFile; fileRef = ECE4A58B224C8CD400A0E69B /* ProductionViewController.swift */; };
/* End PBXBuildFile section */

/* Begin PBXFileReference section */
		2A300FFD16FDCF6D81850714 /* Pods-ProjectYuri.debug.xcconfig */ = {isa = PBXFileReference; includeInIndex = 1; lastKnownFileType = text.xcconfig; name = "Pods-ProjectYuri.debug.xcconfig"; path = "Pods/Target Support Files/Pods-ProjectYuri/Pods-ProjectYuri.debug.xcconfig"; sourceTree = "<group>"; };
		459D6ED540DE527EBF8BDC37 /* Pods-ProjectYuri.release.xcconfig */ = {isa = PBXFileReference; includeInIndex = 1; lastKnownFileType = text.xcconfig; name = "Pods-ProjectYuri.release.xcconfig"; path = "Pods/Target Support Files/Pods-ProjectYuri/Pods-ProjectYuri.release.xcconfig"; sourceTree = "<group>"; };
		6CC31E712D5EFFCF9A1F3E67 /* Pods_RxSwiftDemo.framework */ = {isa = PBXFileReference; explicitFileType = wrapper.framework; includeInIndex = 0; path = Pods_RxSwiftDemo.framework; sourceTree = BUILT_PRODUCTS_DIR; };
		70551E8D4E1F661459CE6F27 /* Pods-RxSwiftDemo.release.xcconfig */ = {isa = PBXFileReference; includeInIndex = 1; lastKnownFileType = text.xcconfig; name = "Pods-RxSwiftDemo.release.xcconfig"; path = "Pods/Target Support Files/Pods-RxSwiftDemo/Pods-RxSwiftDemo.release.xcconfig"; sourceTree = "<group>"; };
		900715B0799616286BBFBD70 /* Pods-RxSwiftDemo.debug.xcconfig */ = {isa = PBXFileReference; includeInIndex = 1; lastKnownFileType = text.xcconfig; name = "Pods-RxSwiftDemo.debug.xcconfig"; path = "Pods/Target Support Files/Pods-RxSwiftDemo/Pods-RxSwiftDemo.debug.xcconfig"; sourceTree = "<group>"; };
		BEC8D36D7AA6AC9A953E0138 /* Pods_ProjectYuri.framework */ = {isa = PBXFileReference; explicitFileType = wrapper.framework; includeInIndex = 0; path = Pods_ProjectYuri.framework; sourceTree = BUILT_PRODUCTS_DIR; };
		EC021E9E21F0102B0058F9E3 /* DatabaseService.swift */ = {isa = PBXFileReference; lastKnownFileType = sourcecode.swift; path = DatabaseService.swift; sourceTree = "<group>"; };
		EC03451F21E87CB800DDC12C /* FavouritesViewController.swift */ = {isa = PBXFileReference; lastKnownFileType = sourcecode.swift; path = FavouritesViewController.swift; sourceTree = "<group>"; };
		EC0F9FFD21CB182100EA685A /* ZSEmptyView.swift */ = {isa = PBXFileReference; lastKnownFileType = sourcecode.swift; path = ZSEmptyView.swift; sourceTree = "<group>"; };
		EC0FA00121CB693800EA685A /* ActivityIndicator.swift */ = {isa = PBXFileReference; fileEncoding = 4; lastKnownFileType = sourcecode.swift; path = ActivityIndicator.swift; sourceTree = "<group>"; };
		EC1B9D6921BE84DB000E2C5B /* ProjectYuri.app */ = {isa = PBXFileReference; explicitFileType = wrapper.application; includeInIndex = 0; path = ProjectYuri.app; sourceTree = BUILT_PRODUCTS_DIR; };
		EC1B9D6C21BE84DB000E2C5B /* AppDelegate.swift */ = {isa = PBXFileReference; lastKnownFileType = sourcecode.swift; path = AppDelegate.swift; sourceTree = "<group>"; };
		EC1B9D6E21BE84DB000E2C5B /* SearchViewController.swift */ = {isa = PBXFileReference; lastKnownFileType = sourcecode.swift; path = SearchViewController.swift; sourceTree = "<group>"; };
		EC1B9D7321BE84DE000E2C5B /* Assets.xcassets */ = {isa = PBXFileReference; lastKnownFileType = folder.assetcatalog; path = Assets.xcassets; sourceTree = "<group>"; };
		EC1B9D7621BE84DE000E2C5B /* Base */ = {isa = PBXFileReference; lastKnownFileType = file.storyboard; name = Base; path = Base.lproj/LaunchScreen.storyboard; sourceTree = "<group>"; };
		EC1B9D7821BE84DE000E2C5B /* Info.plist */ = {isa = PBXFileReference; lastKnownFileType = text.plist.xml; path = Info.plist; sourceTree = "<group>"; };
		EC1B9D7F21BE8690000E2C5B /* ZSViewController.swift */ = {isa = PBXFileReference; fileEncoding = 4; lastKnownFileType = sourcecode.swift; path = ZSViewController.swift; sourceTree = "<group>"; };
		EC1B9D8021BE8690000E2C5B /* ZSTableViewCell.swift */ = {isa = PBXFileReference; fileEncoding = 4; lastKnownFileType = sourcecode.swift; path = ZSTableViewCell.swift; sourceTree = "<group>"; };
		EC1B9D8221BE8690000E2C5B /* Global.swift */ = {isa = PBXFileReference; fileEncoding = 4; lastKnownFileType = sourcecode.swift; path = Global.swift; sourceTree = "<group>"; };
		EC1B9D8821BE86CF000E2C5B /* ZSExtension.swift */ = {isa = PBXFileReference; fileEncoding = 4; lastKnownFileType = sourcecode.swift; path = ZSExtension.swift; sourceTree = "<group>"; };
		EC1B9D8921BE86CF000E2C5B /* UITableView+ZSExtension.swift */ = {isa = PBXFileReference; fileEncoding = 4; lastKnownFileType = sourcecode.swift; path = "UITableView+ZSExtension.swift"; sourceTree = "<group>"; };
		EC1B9D8E21BE8765000E2C5B /* MJRefreshComponent+Rx.swift */ = {isa = PBXFileReference; lastKnownFileType = sourcecode.swift; path = "MJRefreshComponent+Rx.swift"; sourceTree = "<group>"; };
		EC1B9D9021BE8796000E2C5B /* MJRefreshFooter+Rx.swift */ = {isa = PBXFileReference; lastKnownFileType = sourcecode.swift; path = "MJRefreshFooter+Rx.swift"; sourceTree = "<group>"; };
		EC1B9D9421BE87CA000E2C5B /* MJRefreshHeader+Rx.swift */ = {isa = PBXFileReference; lastKnownFileType = sourcecode.swift; path = "MJRefreshHeader+Rx.swift"; sourceTree = "<group>"; };
		EC1B9D9C21BE890F000E2C5B /* NetworkService.swift */ = {isa = PBXFileReference; lastKnownFileType = sourcecode.swift; path = NetworkService.swift; sourceTree = "<group>"; };
		EC1B9D9E21BE8959000E2C5B /* SearchTableViewCell.swift */ = {isa = PBXFileReference; lastKnownFileType = sourcecode.swift; path = SearchTableViewCell.swift; sourceTree = "<group>"; };
		EC3908F121D1D1F8003A9250 /* DatabaseAPI.swift */ = {isa = PBXFileReference; lastKnownFileType = sourcecode.swift; path = DatabaseAPI.swift; sourceTree = "<group>"; };
		EC6E2B892248B2A400DFCFE6 /* ZSTabBarController.swift */ = {isa = PBXFileReference; lastKnownFileType = sourcecode.swift; path = ZSTabBarController.swift; sourceTree = "<group>"; };
		EC6E2B8B2248B2B700DFCFE6 /* ZSNavigationController.swift */ = {isa = PBXFileReference; lastKnownFileType = sourcecode.swift; path = ZSNavigationController.swift; sourceTree = "<group>"; };
		EC6E2B912248C87300DFCFE6 /* ProjectYuri-Bridging-Header.h */ = {isa = PBXFileReference; lastKnownFileType = sourcecode.c.h; path = "ProjectYuri-Bridging-Header.h"; sourceTree = "<group>"; };
		EC6E2B922248C87400DFCFE6 /* NSObject+ZSExtension.h */ = {isa = PBXFileReference; fileEncoding = 4; lastKnownFileType = sourcecode.c.h; path = "NSObject+ZSExtension.h"; sourceTree = "<group>"; };
		EC6E2B932248C87500DFCFE6 /* UIControl+ZSExtension.m */ = {isa = PBXFileReference; fileEncoding = 4; lastKnownFileType = sourcecode.c.objc; path = "UIControl+ZSExtension.m"; sourceTree = "<group>"; };
		EC6E2B942248C87500DFCFE6 /* UIControl+ZSExtension.h */ = {isa = PBXFileReference; fileEncoding = 4; lastKnownFileType = sourcecode.c.h; path = "UIControl+ZSExtension.h"; sourceTree = "<group>"; };
		EC6E2B952248C87500DFCFE6 /* UIViewController+ZSExtension.m */ = {isa = PBXFileReference; fileEncoding = 4; lastKnownFileType = sourcecode.c.objc; path = "UIViewController+ZSExtension.m"; sourceTree = "<group>"; };
		EC6E2B962248C87500DFCFE6 /* UIBarButtonItem+ZSExtension.m */ = {isa = PBXFileReference; fileEncoding = 4; lastKnownFileType = sourcecode.c.objc; path = "UIBarButtonItem+ZSExtension.m"; sourceTree = "<group>"; };
		EC6E2B972248C87500DFCFE6 /* UIImage+ZSExtension.h */ = {isa = PBXFileReference; fileEncoding = 4; lastKnownFileType = sourcecode.c.h; path = "UIImage+ZSExtension.h"; sourceTree = "<group>"; };
		EC6E2B982248C87600DFCFE6 /* UIColor+ZSExtension.m */ = {isa = PBXFileReference; fileEncoding = 4; lastKnownFileType = sourcecode.c.objc; path = "UIColor+ZSExtension.m"; sourceTree = "<group>"; };
		EC6E2B992248C87600DFCFE6 /* ZSUtils.h */ = {isa = PBXFileReference; fileEncoding = 4; lastKnownFileType = sourcecode.c.h; path = ZSUtils.h; sourceTree = "<group>"; };
		EC6E2B9A2248C87600DFCFE6 /* UIImage+ZSExtension.m */ = {isa = PBXFileReference; fileEncoding = 4; lastKnownFileType = sourcecode.c.objc; path = "UIImage+ZSExtension.m"; sourceTree = "<group>"; };
		EC6E2B9B2248C87600DFCFE6 /* UIButton+ZSExtension.m */ = {isa = PBXFileReference; fileEncoding = 4; lastKnownFileType = sourcecode.c.objc; path = "UIButton+ZSExtension.m"; sourceTree = "<group>"; };
		EC6E2B9C2248C87600DFCFE6 /* UIView+ZSExtension.m */ = {isa = PBXFileReference; fileEncoding = 4; lastKnownFileType = sourcecode.c.objc; path = "UIView+ZSExtension.m"; sourceTree = "<group>"; };
		EC6E2B9D2248C87700DFCFE6 /* UIView+ZSExtension.h */ = {isa = PBXFileReference; fileEncoding = 4; lastKnownFileType = sourcecode.c.h; path = "UIView+ZSExtension.h"; sourceTree = "<group>"; };
		EC6E2B9E2248C87700DFCFE6 /* NSURL+ZSExtension.h */ = {isa = PBXFileReference; fileEncoding = 4; lastKnownFileType = sourcecode.c.h; path = "NSURL+ZSExtension.h"; sourceTree = "<group>"; };
		EC6E2B9F2248C87700DFCFE6 /* UIScreen+ZSExtension.m */ = {isa = PBXFileReference; fileEncoding = 4; lastKnownFileType = sourcecode.c.objc; path = "UIScreen+ZSExtension.m"; sourceTree = "<group>"; };
		EC6E2BA02248C87700DFCFE6 /* UIScreen+ZSExtension.h */ = {isa = PBXFileReference; fileEncoding = 4; lastKnownFileType = sourcecode.c.h; path = "UIScreen+ZSExtension.h"; sourceTree = "<group>"; };
		EC6E2BA12248C87700DFCFE6 /* UIBarButtonItem+ZSExtension.h */ = {isa = PBXFileReference; fileEncoding = 4; lastKnownFileType = sourcecode.c.h; path = "UIBarButtonItem+ZSExtension.h"; sourceTree = "<group>"; };
		EC6E2BA22248C87800DFCFE6 /* UIColor+ZSExtension.h */ = {isa = PBXFileReference; fileEncoding = 4; lastKnownFileType = sourcecode.c.h; path = "UIColor+ZSExtension.h"; sourceTree = "<group>"; };
		EC6E2BA32248C87800DFCFE6 /* UIDevice+ZSExtension.m */ = {isa = PBXFileReference; fileEncoding = 4; lastKnownFileType = sourcecode.c.objc; path = "UIDevice+ZSExtension.m"; sourceTree = "<group>"; };
		EC6E2BA42248C87800DFCFE6 /* NSDate+ZSExtension.h */ = {isa = PBXFileReference; fileEncoding = 4; lastKnownFileType = sourcecode.c.h; path = "NSDate+ZSExtension.h"; sourceTree = "<group>"; };
		EC6E2BA52248C87800DFCFE6 /* UIButton+ZSExtension.h */ = {isa = PBXFileReference; fileEncoding = 4; lastKnownFileType = sourcecode.c.h; path = "UIButton+ZSExtension.h"; sourceTree = "<group>"; };
		EC6E2BA62248C87800DFCFE6 /* NSDate+ZSExtension.m */ = {isa = PBXFileReference; fileEncoding = 4; lastKnownFileType = sourcecode.c.objc; path = "NSDate+ZSExtension.m"; sourceTree = "<group>"; };
		EC6E2BA72248C87900DFCFE6 /* NSString+ZSExtension.h */ = {isa = PBXFileReference; fileEncoding = 4; lastKnownFileType = sourcecode.c.h; path = "NSString+ZSExtension.h"; sourceTree = "<group>"; };
		EC6E2BA82248C87900DFCFE6 /* NSFileManager+ZSExtension.m */ = {isa = PBXFileReference; fileEncoding = 4; lastKnownFileType = sourcecode.c.objc; path = "NSFileManager+ZSExtension.m"; sourceTree = "<group>"; };
		EC6E2BA92248C87900DFCFE6 /* UIViewController+ZSExtension.h */ = {isa = PBXFileReference; fileEncoding = 4; lastKnownFileType = sourcecode.c.h; path = "UIViewController+ZSExtension.h"; sourceTree = "<group>"; };
		EC6E2BAA2248C87A00DFCFE6 /* ZSUtils.m */ = {isa = PBXFileReference; fileEncoding = 4; lastKnownFileType = sourcecode.c.objc; path = ZSUtils.m; sourceTree = "<group>"; };
		EC6E2BAB2248C87A00DFCFE6 /* NSFileManager+ZSExtension.h */ = {isa = PBXFileReference; fileEncoding = 4; lastKnownFileType = sourcecode.c.h; path = "NSFileManager+ZSExtension.h"; sourceTree = "<group>"; };
		EC6E2BAC2248C87A00DFCFE6 /* NSObject+ZSExtension.m */ = {isa = PBXFileReference; fileEncoding = 4; lastKnownFileType = sourcecode.c.objc; path = "NSObject+ZSExtension.m"; sourceTree = "<group>"; };
		EC6E2BAD2248C87B00DFCFE6 /* NSURL+ZSExtension.m */ = {isa = PBXFileReference; fileEncoding = 4; lastKnownFileType = sourcecode.c.objc; path = "NSURL+ZSExtension.m"; sourceTree = "<group>"; };
		EC6E2BAE2248C87B00DFCFE6 /* UIDevice+ZSExtension.h */ = {isa = PBXFileReference; fileEncoding = 4; lastKnownFileType = sourcecode.c.h; path = "UIDevice+ZSExtension.h"; sourceTree = "<group>"; };
		EC6E2BAF2248C87C00DFCFE6 /* NSString+ZSExtension.m */ = {isa = PBXFileReference; fileEncoding = 4; lastKnownFileType = sourcecode.c.objc; path = "NSString+ZSExtension.m"; sourceTree = "<group>"; };
		ECB0803121C2032400ED8548 /* NetworkAPI.swift */ = {isa = PBXFileReference; lastKnownFileType = sourcecode.swift; path = NetworkAPI.swift; sourceTree = "<group>"; };
		ECB0803B21C220E300ED8548 /* OwnerViewController.swift */ = {isa = PBXFileReference; lastKnownFileType = sourcecode.swift; path = OwnerViewController.swift; sourceTree = "<group>"; };
		ECB6D89021BFCBB200017274 /* Model.swift */ = {isa = PBXFileReference; lastKnownFileType = sourcecode.swift; path = Model.swift; sourceTree = "<group>"; };
		ECB6D89621C096CC00017274 /* Moya+HandyJSON+ZSExtension.swift */ = {isa = PBXFileReference; lastKnownFileType = sourcecode.swift; path = "Moya+HandyJSON+ZSExtension.swift"; sourceTree = "<group>"; };
		ECE4A576224A0E3300A0E69B /* UISegmentedControl+ZSExtension.h */ = {isa = PBXFileReference; fileEncoding = 4; lastKnownFileType = sourcecode.c.h; path = "UISegmentedControl+ZSExtension.h"; sourceTree = "<group>"; };
		ECE4A577224A0E3300A0E69B /* UISegmentedControl+ZSExtension.m */ = {isa = PBXFileReference; fileEncoding = 4; lastKnownFileType = sourcecode.c.objc; path = "UISegmentedControl+ZSExtension.m"; sourceTree = "<group>"; };
		ECE4A579224B1A4E00A0E69B /* HomeViewController.swift */ = {isa = PBXFileReference; lastKnownFileType = sourcecode.swift; path = HomeViewController.swift; sourceTree = "<group>"; };
		ECE4A57C224B1D2A00A0E69B /* ProfileViewController.swift */ = {isa = PBXFileReference; lastKnownFileType = sourcecode.swift; path = ProfileViewController.swift; sourceTree = "<group>"; };
		ECE4A580224B319200A0E69B /* CategoryViewController.swift */ = {isa = PBXFileReference; lastKnownFileType = sourcecode.swift; path = CategoryViewController.swift; sourceTree = "<group>"; };
		ECE4A584224C604000A0E69B /* RuntimeHandler.h */ = {isa = PBXFileReference; lastKnownFileType = sourcecode.c.h; path = RuntimeHandler.h; sourceTree = "<group>"; };
		ECE4A585224C604000A0E69B /* RuntimeHandler.m */ = {isa = PBXFileReference; lastKnownFileType = sourcecode.c.objc; path = RuntimeHandler.m; sourceTree = "<group>"; };
		ECE4A587224C625600A0E69B /* Runtime+ZSExtension.swift */ = {isa = PBXFileReference; lastKnownFileType = sourcecode.swift; path = "Runtime+ZSExtension.swift"; sourceTree = "<group>"; };
		ECE4A58B224C8CD400A0E69B /* ProductionViewController.swift */ = {isa = PBXFileReference; lastKnownFileType = sourcecode.swift; path = ProductionViewController.swift; sourceTree = "<group>"; };
/* End PBXFileReference section */

/* Begin PBXFrameworksBuildPhase section */
		EC1B9D6621BE84DB000E2C5B /* Frameworks */ = {
			isa = PBXFrameworksBuildPhase;
			buildActionMask = 2147483647;
			files = (
				0D6911DE05F27452B8BA0DA1 /* Pods_ProjectYuri.framework in Frameworks */,
			);
			runOnlyForDeploymentPostprocessing = 0;
		};
/* End PBXFrameworksBuildPhase section */

/* Begin PBXGroup section */
		CAD6186988F74611FBDBA9A7 /* Frameworks */ = {
			isa = PBXGroup;
			children = (
				6CC31E712D5EFFCF9A1F3E67 /* Pods_RxSwiftDemo.framework */,
				BEC8D36D7AA6AC9A953E0138 /* Pods_ProjectYuri.framework */,
			);
			name = Frameworks;
			sourceTree = "<group>";
		};
		EC1B9D6021BE84DB000E2C5B = {
			isa = PBXGroup;
			children = (
				EC1B9D6B21BE84DB000E2C5B /* ProjectYuri */,
				EC1B9D6A21BE84DB000E2C5B /* Products */,
				FE623F039F49E69F2A4C7E89 /* Pods */,
				CAD6186988F74611FBDBA9A7 /* Frameworks */,
			);
			sourceTree = "<group>";
		};
		EC1B9D6A21BE84DB000E2C5B /* Products */ = {
			isa = PBXGroup;
			children = (
				EC1B9D6921BE84DB000E2C5B /* ProjectYuri.app */,
			);
			name = Products;
			sourceTree = "<group>";
		};
		EC1B9D6B21BE84DB000E2C5B /* ProjectYuri */ = {
			isa = PBXGroup;
			children = (
				ECB6D88F21BFCB9F00017274 /* Model */,
				EC1B9D9921BE88C1000E2C5B /* Controller */,
				ECE4A57B224B1AB100A0E69B /* Cell */,
				EC1B9D9B21BE88CE000E2C5B /* Service */,
				EC1B9D7E21BE867F000E2C5B /* Base */,
				EC1B9D8721BE86B7000E2C5B /* ZSExtension */,
				EC6E2B902248C81900DFCFE6 /* ZSUtils */,
				EC1B9D6C21BE84DB000E2C5B /* AppDelegate.swift */,
				EC1B9D7321BE84DE000E2C5B /* Assets.xcassets */,
				EC1B9D7521BE84DE000E2C5B /* LaunchScreen.storyboard */,
				EC1B9D7821BE84DE000E2C5B /* Info.plist */,
			);
			path = ProjectYuri;
			sourceTree = "<group>";
		};
		EC1B9D7E21BE867F000E2C5B /* Base */ = {
			isa = PBXGroup;
			children = (
				EC1B9D8221BE8690000E2C5B /* Global.swift */,
				EC0F9FFD21CB182100EA685A /* ZSEmptyView.swift */,
				EC1B9D7F21BE8690000E2C5B /* ZSViewController.swift */,
				EC1B9D8021BE8690000E2C5B /* ZSTableViewCell.swift */,
				EC6E2B892248B2A400DFCFE6 /* ZSTabBarController.swift */,
				EC6E2B8B2248B2B700DFCFE6 /* ZSNavigationController.swift */,
			);
			path = Base;
			sourceTree = "<group>";
		};
		EC1B9D8721BE86B7000E2C5B /* ZSExtension */ = {
			isa = PBXGroup;
			children = (
				EC1B9D8921BE86CF000E2C5B /* UITableView+ZSExtension.swift */,
				EC1B9D8821BE86CF000E2C5B /* ZSExtension.swift */,
				EC0FA00121CB693800EA685A /* ActivityIndicator.swift */,
				EC1B9D8E21BE8765000E2C5B /* MJRefreshComponent+Rx.swift */,
				EC1B9D9421BE87CA000E2C5B /* MJRefreshHeader+Rx.swift */,
				EC1B9D9021BE8796000E2C5B /* MJRefreshFooter+Rx.swift */,
				ECB6D89621C096CC00017274 /* Moya+HandyJSON+ZSExtension.swift */,
				ECE4A587224C625600A0E69B /* Runtime+ZSExtension.swift */,
			);
			path = ZSExtension;
			sourceTree = "<group>";
		};
		EC1B9D9921BE88C1000E2C5B /* Controller */ = {
			isa = PBXGroup;
			children = (
				ECE4A579224B1A4E00A0E69B /* HomeViewController.swift */,
				EC1B9D6E21BE84DB000E2C5B /* SearchViewController.swift */,
				ECE4A58B224C8CD400A0E69B /* ProductionViewController.swift */,
				ECE4A57C224B1D2A00A0E69B /* ProfileViewController.swift */,
				ECE4A580224B319200A0E69B /* CategoryViewController.swift */,
				ECB0803B21C220E300ED8548 /* OwnerViewController.swift */,
				EC03451F21E87CB800DDC12C /* FavouritesViewController.swift */,
			);
			path = Controller;
			sourceTree = "<group>";
		};
		EC1B9D9B21BE88CE000E2C5B /* Service */ = {
			isa = PBXGroup;
			children = (
				EC1B9D9C21BE890F000E2C5B /* NetworkService.swift */,
				ECB0803121C2032400ED8548 /* NetworkAPI.swift */,
				EC021E9E21F0102B0058F9E3 /* DatabaseService.swift */,
				EC3908F121D1D1F8003A9250 /* DatabaseAPI.swift */,
			);
			path = Service;
			sourceTree = "<group>";
		};
		EC6E2B902248C81900DFCFE6 /* ZSUtils */ = {
			isa = PBXGroup;
			children = (
				EC6E2BA42248C87800DFCFE6 /* NSDate+ZSExtension.h */,
				EC6E2BA62248C87800DFCFE6 /* NSDate+ZSExtension.m */,
				EC6E2BAB2248C87A00DFCFE6 /* NSFileManager+ZSExtension.h */,
				EC6E2BA82248C87900DFCFE6 /* NSFileManager+ZSExtension.m */,
				EC6E2B922248C87400DFCFE6 /* NSObject+ZSExtension.h */,
				EC6E2BAC2248C87A00DFCFE6 /* NSObject+ZSExtension.m */,
				EC6E2BA72248C87900DFCFE6 /* NSString+ZSExtension.h */,
				EC6E2BAF2248C87C00DFCFE6 /* NSString+ZSExtension.m */,
				EC6E2B9E2248C87700DFCFE6 /* NSURL+ZSExtension.h */,
				EC6E2BAD2248C87B00DFCFE6 /* NSURL+ZSExtension.m */,
				EC6E2BA12248C87700DFCFE6 /* UIBarButtonItem+ZSExtension.h */,
				EC6E2B962248C87500DFCFE6 /* UIBarButtonItem+ZSExtension.m */,
				EC6E2BA52248C87800DFCFE6 /* UIButton+ZSExtension.h */,
				EC6E2B9B2248C87600DFCFE6 /* UIButton+ZSExtension.m */,
				EC6E2BA22248C87800DFCFE6 /* UIColor+ZSExtension.h */,
				EC6E2B982248C87600DFCFE6 /* UIColor+ZSExtension.m */,
				EC6E2B942248C87500DFCFE6 /* UIControl+ZSExtension.h */,
				EC6E2B932248C87500DFCFE6 /* UIControl+ZSExtension.m */,
				EC6E2BAE2248C87B00DFCFE6 /* UIDevice+ZSExtension.h */,
				EC6E2BA32248C87800DFCFE6 /* UIDevice+ZSExtension.m */,
				EC6E2B972248C87500DFCFE6 /* UIImage+ZSExtension.h */,
				EC6E2B9A2248C87600DFCFE6 /* UIImage+ZSExtension.m */,
				EC6E2BA02248C87700DFCFE6 /* UIScreen+ZSExtension.h */,
				EC6E2B9F2248C87700DFCFE6 /* UIScreen+ZSExtension.m */,
				EC6E2B9D2248C87700DFCFE6 /* UIView+ZSExtension.h */,
				EC6E2B9C2248C87600DFCFE6 /* UIView+ZSExtension.m */,
				EC6E2BA92248C87900DFCFE6 /* UIViewController+ZSExtension.h */,
				EC6E2B952248C87500DFCFE6 /* UIViewController+ZSExtension.m */,
				ECE4A576224A0E3300A0E69B /* UISegmentedControl+ZSExtension.h */,
				ECE4A577224A0E3300A0E69B /* UISegmentedControl+ZSExtension.m */,
				ECE4A584224C604000A0E69B /* RuntimeHandler.h */,
				ECE4A585224C604000A0E69B /* RuntimeHandler.m */,
				EC6E2B992248C87600DFCFE6 /* ZSUtils.h */,
				EC6E2BAA2248C87A00DFCFE6 /* ZSUtils.m */,
				EC6E2B912248C87300DFCFE6 /* ProjectYuri-Bridging-Header.h */,
			);
			path = ZSUtils;
			sourceTree = "<group>";
		};
		ECB6D88F21BFCB9F00017274 /* Model */ = {
			isa = PBXGroup;
			children = (
				ECB6D89021BFCBB200017274 /* Model.swift */,
			);
			path = Model;
			sourceTree = "<group>";
		};
		ECE4A57B224B1AB100A0E69B /* Cell */ = {
			isa = PBXGroup;
			children = (
				EC1B9D9E21BE8959000E2C5B /* SearchTableViewCell.swift */,
			);
			path = Cell;
			sourceTree = "<group>";
		};
		FE623F039F49E69F2A4C7E89 /* Pods */ = {
			isa = PBXGroup;
			children = (
				900715B0799616286BBFBD70 /* Pods-RxSwiftDemo.debug.xcconfig */,
				70551E8D4E1F661459CE6F27 /* Pods-RxSwiftDemo.release.xcconfig */,
				2A300FFD16FDCF6D81850714 /* Pods-ProjectYuri.debug.xcconfig */,
				459D6ED540DE527EBF8BDC37 /* Pods-ProjectYuri.release.xcconfig */,
			);
			name = Pods;
			sourceTree = "<group>";
		};
/* End PBXGroup section */

/* Begin PBXNativeTarget section */
		EC1B9D6821BE84DB000E2C5B /* ProjectYuri */ = {
			isa = PBXNativeTarget;
			buildConfigurationList = EC1B9D7B21BE84DE000E2C5B /* Build configuration list for PBXNativeTarget "ProjectYuri" */;
			buildPhases = (
				89A1FA84F2ABFEB59EBC9EF4 /* [CP] Check Pods Manifest.lock */,
				EC1B9D6521BE84DB000E2C5B /* Sources */,
				EC1B9D6621BE84DB000E2C5B /* Frameworks */,
				EC1B9D6721BE84DB000E2C5B /* Resources */,
				7EE1F0C6D33F4B307585D3DA /* [CP] Embed Pods Frameworks */,
			);
			buildRules = (
			);
			dependencies = (
			);
			name = ProjectYuri;
			productName = RxSwiftDemo;
			productReference = EC1B9D6921BE84DB000E2C5B /* ProjectYuri.app */;
			productType = "com.apple.product-type.application";
		};
/* End PBXNativeTarget section */

/* Begin PBXProject section */
		EC1B9D6121BE84DB000E2C5B /* Project object */ = {
			isa = PBXProject;
			attributes = {
				LastSwiftUpdateCheck = 1000;
				LastUpgradeCheck = 1000;
				ORGANIZATIONNAME = "張帥";
				TargetAttributes = {
					EC1B9D6821BE84DB000E2C5B = {
						CreatedOnToolsVersion = 10.0;
						LastSwiftMigration = 1000;
					};
				};
			};
			buildConfigurationList = EC1B9D6421BE84DB000E2C5B /* Build configuration list for PBXProject "ProjectYuri" */;
			compatibilityVersion = "Xcode 9.3";
			developmentRegion = en;
			hasScannedForEncodings = 0;
			knownRegions = (
				en,
				Base,
			);
			mainGroup = EC1B9D6021BE84DB000E2C5B;
			productRefGroup = EC1B9D6A21BE84DB000E2C5B /* Products */;
			projectDirPath = "";
			projectRoot = "";
			targets = (
				EC1B9D6821BE84DB000E2C5B /* ProjectYuri */,
			);
		};
/* End PBXProject section */

/* Begin PBXResourcesBuildPhase section */
		EC1B9D6721BE84DB000E2C5B /* Resources */ = {
			isa = PBXResourcesBuildPhase;
			buildActionMask = 2147483647;
			files = (
				EC1B9D7721BE84DE000E2C5B /* LaunchScreen.storyboard in Resources */,
				EC1B9D7421BE84DE000E2C5B /* Assets.xcassets in Resources */,
			);
			runOnlyForDeploymentPostprocessing = 0;
		};
/* End PBXResourcesBuildPhase section */

/* Begin PBXShellScriptBuildPhase section */
		7EE1F0C6D33F4B307585D3DA /* [CP] Embed Pods Frameworks */ = {
			isa = PBXShellScriptBuildPhase;
			buildActionMask = 2147483647;
			files = (
			);
			inputFileListPaths = (
			);
			inputPaths = (
				"${SRCROOT}/Pods/Target Support Files/Pods-ProjectYuri/Pods-ProjectYuri-frameworks.sh",
				"${BUILT_PRODUCTS_DIR}/Alamofire/Alamofire.framework",
				"${BUILT_PRODUCTS_DIR}/FMDB/FMDB.framework",
				"${BUILT_PRODUCTS_DIR}/HandyJSON/HandyJSON.framework",
				"${BUILT_PRODUCTS_DIR}/MJRefresh/MJRefresh.framework",
				"${BUILT_PRODUCTS_DIR}/Moya/Moya.framework",
				"${BUILT_PRODUCTS_DIR}/Result/Result.framework",
				"${BUILT_PRODUCTS_DIR}/RxAtomic/RxAtomic.framework",
				"${BUILT_PRODUCTS_DIR}/RxCocoa/RxCocoa.framework",
				"${BUILT_PRODUCTS_DIR}/RxSwift/RxSwift.framework",
				"${BUILT_PRODUCTS_DIR}/SDWebImage/SDWebImage.framework",
				"${BUILT_PRODUCTS_DIR}/SVProgressHUD/SVProgressHUD.framework",
				"${BUILT_PRODUCTS_DIR}/SnapKit/SnapKit.framework",
			);
			name = "[CP] Embed Pods Frameworks";
			outputFileListPaths = (
			);
			outputPaths = (
				"${TARGET_BUILD_DIR}/${FRAMEWORKS_FOLDER_PATH}/Alamofire.framework",
				"${TARGET_BUILD_DIR}/${FRAMEWORKS_FOLDER_PATH}/FMDB.framework",
				"${TARGET_BUILD_DIR}/${FRAMEWORKS_FOLDER_PATH}/HandyJSON.framework",
				"${TARGET_BUILD_DIR}/${FRAMEWORKS_FOLDER_PATH}/MJRefresh.framework",
				"${TARGET_BUILD_DIR}/${FRAMEWORKS_FOLDER_PATH}/Moya.framework",
				"${TARGET_BUILD_DIR}/${FRAMEWORKS_FOLDER_PATH}/Result.framework",
				"${TARGET_BUILD_DIR}/${FRAMEWORKS_FOLDER_PATH}/RxAtomic.framework",
				"${TARGET_BUILD_DIR}/${FRAMEWORKS_FOLDER_PATH}/RxCocoa.framework",
				"${TARGET_BUILD_DIR}/${FRAMEWORKS_FOLDER_PATH}/RxSwift.framework",
				"${TARGET_BUILD_DIR}/${FRAMEWORKS_FOLDER_PATH}/SDWebImage.framework",
				"${TARGET_BUILD_DIR}/${FRAMEWORKS_FOLDER_PATH}/SVProgressHUD.framework",
				"${TARGET_BUILD_DIR}/${FRAMEWORKS_FOLDER_PATH}/SnapKit.framework",
			);
			runOnlyForDeploymentPostprocessing = 0;
			shellPath = /bin/sh;
			shellScript = "\"${SRCROOT}/Pods/Target Support Files/Pods-ProjectYuri/Pods-ProjectYuri-frameworks.sh\"\n";
			showEnvVarsInLog = 0;
		};
		89A1FA84F2ABFEB59EBC9EF4 /* [CP] Check Pods Manifest.lock */ = {
			isa = PBXShellScriptBuildPhase;
			buildActionMask = 2147483647;
			files = (
			);
			inputFileListPaths = (
			);
			inputPaths = (
				"${PODS_PODFILE_DIR_PATH}/Podfile.lock",
				"${PODS_ROOT}/Manifest.lock",
			);
			name = "[CP] Check Pods Manifest.lock";
			outputFileListPaths = (
			);
			outputPaths = (
				"$(DERIVED_FILE_DIR)/Pods-ProjectYuri-checkManifestLockResult.txt",
			);
			runOnlyForDeploymentPostprocessing = 0;
			shellPath = /bin/sh;
			shellScript = "diff \"${PODS_PODFILE_DIR_PATH}/Podfile.lock\" \"${PODS_ROOT}/Manifest.lock\" > /dev/null\nif [ $? != 0 ] ; then\n    # print error to STDERR\n    echo \"error: The sandbox is not in sync with the Podfile.lock. Run 'pod install' or update your CocoaPods installation.\" >&2\n    exit 1\nfi\n# This output is used by Xcode 'outputs' to avoid re-running this script phase.\necho \"SUCCESS\" > \"${SCRIPT_OUTPUT_FILE_0}\"\n";
			showEnvVarsInLog = 0;
		};
/* End PBXShellScriptBuildPhase section */

/* Begin PBXSourcesBuildPhase section */
		EC1B9D6521BE84DB000E2C5B /* Sources */ = {
			isa = PBXSourcesBuildPhase;
			buildActionMask = 2147483647;
			files = (
				EC6E2BB22248C87C00DFCFE6 /* UIBarButtonItem+ZSExtension.m in Sources */,
				ECE4A588224C625600A0E69B /* Runtime+ZSExtension.swift in Sources */,
				EC1B9D8421BE8690000E2C5B /* ZSTableViewCell.swift in Sources */,
				EC0F9FFE21CB182100EA685A /* ZSEmptyView.swift in Sources */,
				EC6E2BB72248C87C00DFCFE6 /* UIScreen+ZSExtension.m in Sources */,
				ECE4A57A224B1A4E00A0E69B /* HomeViewController.swift in Sources */,
				EC6E2BBC2248C87C00DFCFE6 /* NSObject+ZSExtension.m in Sources */,
				EC0FA00221CB693800EA685A /* ActivityIndicator.swift in Sources */,
				ECE4A586224C604000A0E69B /* RuntimeHandler.m in Sources */,
				EC6E2BB42248C87C00DFCFE6 /* UIImage+ZSExtension.m in Sources */,
				EC6E2BB52248C87C00DFCFE6 /* UIButton+ZSExtension.m in Sources */,
				EC6E2BB62248C87C00DFCFE6 /* UIView+ZSExtension.m in Sources */,
				EC1B9D9F21BE895A000E2C5B /* SearchTableViewCell.swift in Sources */,
				EC6E2BB32248C87C00DFCFE6 /* UIColor+ZSExtension.m in Sources */,
				ECE4A578224A0E3300A0E69B /* UISegmentedControl+ZSExtension.m in Sources */,
				EC1B9D9521BE87CA000E2C5B /* MJRefreshHeader+Rx.swift in Sources */,
				ECB6D89121BFCBB200017274 /* Model.swift in Sources */,
				EC1B9D8A21BE86CF000E2C5B /* ZSExtension.swift in Sources */,
				EC1B9D8621BE8690000E2C5B /* Global.swift in Sources */,
				EC1B9D6F21BE84DB000E2C5B /* SearchViewController.swift in Sources */,
				ECB0803C21C220E300ED8548 /* OwnerViewController.swift in Sources */,
				ECE4A581224B319200A0E69B /* CategoryViewController.swift in Sources */,
				EC6E2B8C2248B2B700DFCFE6 /* ZSNavigationController.swift in Sources */,
				EC1B9D6D21BE84DB000E2C5B /* AppDelegate.swift in Sources */,
				ECE4A58C224C8CD400A0E69B /* ProductionViewController.swift in Sources */,
				ECB0803221C2032400ED8548 /* NetworkAPI.swift in Sources */,
				EC1B9D8B21BE86CF000E2C5B /* UITableView+ZSExtension.swift in Sources */,
				EC6E2BBD2248C87C00DFCFE6 /* NSURL+ZSExtension.m in Sources */,
				EC6E2BB82248C87C00DFCFE6 /* UIDevice+ZSExtension.m in Sources */,
				EC6E2BBA2248C87C00DFCFE6 /* NSFileManager+ZSExtension.m in Sources */,
				EC03452021E87CB800DDC12C /* FavouritesViewController.swift in Sources */,
				EC1B9D8F21BE8765000E2C5B /* MJRefreshComponent+Rx.swift in Sources */,
				EC021E9F21F0102B0058F9E3 /* DatabaseService.swift in Sources */,
				EC1B9D8321BE8690000E2C5B /* ZSViewController.swift in Sources */,
				EC6E2BB02248C87C00DFCFE6 /* UIControl+ZSExtension.m in Sources */,
				EC6E2BB12248C87C00DFCFE6 /* UIViewController+ZSExtension.m in Sources */,
				EC6E2BB92248C87C00DFCFE6 /* NSDate+ZSExtension.m in Sources */,
				EC6E2B8A2248B2A400DFCFE6 /* ZSTabBarController.swift in Sources */,
				EC6E2BBB2248C87C00DFCFE6 /* ZSUtils.m in Sources */,
				EC3908F221D1D1F8003A9250 /* DatabaseAPI.swift in Sources */,
				EC6E2BBE2248C87C00DFCFE6 /* NSString+ZSExtension.m in Sources */,
				ECB6D89721C096CC00017274 /* Moya+HandyJSON+ZSExtension.swift in Sources */,
				ECE4A57D224B1D2A00A0E69B /* ProfileViewController.swift in Sources */,
				EC1B9D9D21BE890F000E2C5B /* NetworkService.swift in Sources */,
				EC1B9D9121BE8796000E2C5B /* MJRefreshFooter+Rx.swift in Sources */,
			);
			runOnlyForDeploymentPostprocessing = 0;
		};
/* End PBXSourcesBuildPhase section */

/* Begin PBXVariantGroup section */
		EC1B9D7521BE84DE000E2C5B /* LaunchScreen.storyboard */ = {
			isa = PBXVariantGroup;
			children = (
				EC1B9D7621BE84DE000E2C5B /* Base */,
			);
			name = LaunchScreen.storyboard;
			sourceTree = "<group>";
		};
/* End PBXVariantGroup section */

/* Begin XCBuildConfiguration section */
		EC1B9D7921BE84DE000E2C5B /* Debug */ = {
			isa = XCBuildConfiguration;
			buildSettings = {
				ALWAYS_SEARCH_USER_PATHS = NO;
				CLANG_ANALYZER_NONNULL = YES;
				CLANG_ANALYZER_NUMBER_OBJECT_CONVERSION = YES_AGGRESSIVE;
				CLANG_CXX_LANGUAGE_STANDARD = "gnu++14";
				CLANG_CXX_LIBRARY = "libc++";
				CLANG_ENABLE_MODULES = YES;
				CLANG_ENABLE_OBJC_ARC = YES;
				CLANG_ENABLE_OBJC_WEAK = YES;
				CLANG_WARN_BLOCK_CAPTURE_AUTORELEASING = YES;
				CLANG_WARN_BOOL_CONVERSION = YES;
				CLANG_WARN_COMMA = YES;
				CLANG_WARN_CONSTANT_CONVERSION = YES;
				CLANG_WARN_DEPRECATED_OBJC_IMPLEMENTATIONS = YES;
				CLANG_WARN_DIRECT_OBJC_ISA_USAGE = YES_ERROR;
				CLANG_WARN_DOCUMENTATION_COMMENTS = YES;
				CLANG_WARN_EMPTY_BODY = YES;
				CLANG_WARN_ENUM_CONVERSION = YES;
				CLANG_WARN_INFINITE_RECURSION = YES;
				CLANG_WARN_INT_CONVERSION = YES;
				CLANG_WARN_NON_LITERAL_NULL_CONVERSION = YES;
				CLANG_WARN_OBJC_IMPLICIT_RETAIN_SELF = YES;
				CLANG_WARN_OBJC_LITERAL_CONVERSION = YES;
				CLANG_WARN_OBJC_ROOT_CLASS = YES_ERROR;
				CLANG_WARN_RANGE_LOOP_ANALYSIS = YES;
				CLANG_WARN_STRICT_PROTOTYPES = YES;
				CLANG_WARN_SUSPICIOUS_MOVE = YES;
				CLANG_WARN_UNGUARDED_AVAILABILITY = YES_AGGRESSIVE;
				CLANG_WARN_UNREACHABLE_CODE = YES;
				CLANG_WARN__DUPLICATE_METHOD_MATCH = YES;
				CODE_SIGN_IDENTITY = "iPhone Developer";
				COPY_PHASE_STRIP = NO;
				DEBUG_INFORMATION_FORMAT = dwarf;
				ENABLE_STRICT_OBJC_MSGSEND = YES;
				ENABLE_TESTABILITY = YES;
				GCC_C_LANGUAGE_STANDARD = gnu11;
				GCC_DYNAMIC_NO_PIC = NO;
				GCC_NO_COMMON_BLOCKS = YES;
				GCC_OPTIMIZATION_LEVEL = 0;
				GCC_PREPROCESSOR_DEFINITIONS = (
					"DEBUG=1",
					"$(inherited)",
				);
				GCC_WARN_64_TO_32_BIT_CONVERSION = YES;
				GCC_WARN_ABOUT_RETURN_TYPE = YES_ERROR;
				GCC_WARN_UNDECLARED_SELECTOR = YES;
				GCC_WARN_UNINITIALIZED_AUTOS = YES_AGGRESSIVE;
				GCC_WARN_UNUSED_FUNCTION = YES;
				GCC_WARN_UNUSED_VARIABLE = YES;
				IPHONEOS_DEPLOYMENT_TARGET = 12.0;
				MTL_ENABLE_DEBUG_INFO = INCLUDE_SOURCE;
				MTL_FAST_MATH = YES;
				ONLY_ACTIVE_ARCH = YES;
				SDKROOT = iphoneos;
				SWIFT_ACTIVE_COMPILATION_CONDITIONS = DEBUG;
				SWIFT_OPTIMIZATION_LEVEL = "-Onone";
			};
			name = Debug;
		};
		EC1B9D7A21BE84DE000E2C5B /* Release */ = {
			isa = XCBuildConfiguration;
			buildSettings = {
				ALWAYS_SEARCH_USER_PATHS = NO;
				CLANG_ANALYZER_NONNULL = YES;
				CLANG_ANALYZER_NUMBER_OBJECT_CONVERSION = YES_AGGRESSIVE;
				CLANG_CXX_LANGUAGE_STANDARD = "gnu++14";
				CLANG_CXX_LIBRARY = "libc++";
				CLANG_ENABLE_MODULES = YES;
				CLANG_ENABLE_OBJC_ARC = YES;
				CLANG_ENABLE_OBJC_WEAK = YES;
				CLANG_WARN_BLOCK_CAPTURE_AUTORELEASING = YES;
				CLANG_WARN_BOOL_CONVERSION = YES;
				CLANG_WARN_COMMA = YES;
				CLANG_WARN_CONSTANT_CONVERSION = YES;
				CLANG_WARN_DEPRECATED_OBJC_IMPLEMENTATIONS = YES;
				CLANG_WARN_DIRECT_OBJC_ISA_USAGE = YES_ERROR;
				CLANG_WARN_DOCUMENTATION_COMMENTS = YES;
				CLANG_WARN_EMPTY_BODY = YES;
				CLANG_WARN_ENUM_CONVERSION = YES;
				CLANG_WARN_INFINITE_RECURSION = YES;
				CLANG_WARN_INT_CONVERSION = YES;
				CLANG_WARN_NON_LITERAL_NULL_CONVERSION = YES;
				CLANG_WARN_OBJC_IMPLICIT_RETAIN_SELF = YES;
				CLANG_WARN_OBJC_LITERAL_CONVERSION = YES;
				CLANG_WARN_OBJC_ROOT_CLASS = YES_ERROR;
				CLANG_WARN_RANGE_LOOP_ANALYSIS = YES;
				CLANG_WARN_STRICT_PROTOTYPES = YES;
				CLANG_WARN_SUSPICIOUS_MOVE = YES;
				CLANG_WARN_UNGUARDED_AVAILABILITY = YES_AGGRESSIVE;
				CLANG_WARN_UNREACHABLE_CODE = YES;
				CLANG_WARN__DUPLICATE_METHOD_MATCH = YES;
				CODE_SIGN_IDENTITY = "iPhone Developer";
				COPY_PHASE_STRIP = NO;
				DEBUG_INFORMATION_FORMAT = "dwarf-with-dsym";
				ENABLE_NS_ASSERTIONS = NO;
				ENABLE_STRICT_OBJC_MSGSEND = YES;
				GCC_C_LANGUAGE_STANDARD = gnu11;
				GCC_NO_COMMON_BLOCKS = YES;
				GCC_WARN_64_TO_32_BIT_CONVERSION = YES;
				GCC_WARN_ABOUT_RETURN_TYPE = YES_ERROR;
				GCC_WARN_UNDECLARED_SELECTOR = YES;
				GCC_WARN_UNINITIALIZED_AUTOS = YES_AGGRESSIVE;
				GCC_WARN_UNUSED_FUNCTION = YES;
				GCC_WARN_UNUSED_VARIABLE = YES;
				IPHONEOS_DEPLOYMENT_TARGET = 12.0;
				MTL_ENABLE_DEBUG_INFO = NO;
				MTL_FAST_MATH = YES;
				SDKROOT = iphoneos;
				SWIFT_COMPILATION_MODE = wholemodule;
				SWIFT_OPTIMIZATION_LEVEL = "-O";
				VALIDATE_PRODUCT = YES;
			};
			name = Release;
		};
		EC1B9D7C21BE84DE000E2C5B /* Debug */ = {
			isa = XCBuildConfiguration;
			baseConfigurationReference = 2A300FFD16FDCF6D81850714 /* Pods-ProjectYuri.debug.xcconfig */;
			buildSettings = {
				ASSETCATALOG_COMPILER_APPICON_NAME = AppIcon;
				CLANG_ENABLE_MODULES = YES;
				CODE_SIGN_STYLE = Automatic;
				INFOPLIST_FILE = "$(SRCROOT)/ProjectYuri/Info.plist";
				IPHONEOS_DEPLOYMENT_TARGET = 8.0;
				LD_RUNPATH_SEARCH_PATHS = (
					"$(inherited)",
					"@executable_path/Frameworks",
				);
				PRODUCT_BUNDLE_IDENTIFIER = yuri.ProjectYuri;
				PRODUCT_NAME = "$(TARGET_NAME)";
				SWIFT_OBJC_BRIDGING_HEADER = "ProjectYuri/ZSUtils/ProjectYuri-Bridging-Header.h";
				SWIFT_OPTIMIZATION_LEVEL = "-Onone";
				SWIFT_VERSION = 4.2;
				TARGETED_DEVICE_FAMILY = 1;
			};
			name = Debug;
		};
		EC1B9D7D21BE84DE000E2C5B /* Release */ = {
			isa = XCBuildConfiguration;
			baseConfigurationReference = 459D6ED540DE527EBF8BDC37 /* Pods-ProjectYuri.release.xcconfig */;
			buildSettings = {
				ASSETCATALOG_COMPILER_APPICON_NAME = AppIcon;
				CLANG_ENABLE_MODULES = YES;
				CODE_SIGN_STYLE = Automatic;
				INFOPLIST_FILE = "$(SRCROOT)/ProjectYuri/Info.plist";
				IPHONEOS_DEPLOYMENT_TARGET = 8.0;
				LD_RUNPATH_SEARCH_PATHS = (
					"$(inherited)",
					"@executable_path/Frameworks",
				);
				PRODUCT_BUNDLE_IDENTIFIER = yuri.ProjectYuri;
				PRODUCT_NAME = "$(TARGET_NAME)";
				SWIFT_OBJC_BRIDGING_HEADER = "ProjectYuri/ZSUtils/ProjectYuri-Bridging-Header.h";
				SWIFT_VERSION = 4.2;
				TARGETED_DEVICE_FAMILY = 1;
			};
			name = Release;
		};
/* End XCBuildConfiguration section */

/* Begin XCConfigurationList section */
		EC1B9D6421BE84DB000E2C5B /* Build configuration list for PBXProject "ProjectYuri" */ = {
			isa = XCConfigurationList;
			buildConfigurations = (
				EC1B9D7921BE84DE000E2C5B /* Debug */,
				EC1B9D7A21BE84DE000E2C5B /* Release */,
			);
			defaultConfigurationIsVisible = 0;
			defaultConfigurationName = Release;
		};
		EC1B9D7B21BE84DE000E2C5B /* Build configuration list for PBXNativeTarget "ProjectYuri" */ = {
			isa = XCConfigurationList;
			buildConfigurations = (
				EC1B9D7C21BE84DE000E2C5B /* Debug */,
				EC1B9D7D21BE84DE000E2C5B /* Release */,
			);
			defaultConfigurationIsVisible = 0;
			defaultConfigurationName = Release;
		};
/* End XCConfigurationList section */
	};
	rootObject = EC1B9D6121BE84DB000E2C5B /* Project object */;
}
